
Microsoft Visual Studio Solution File, Format Version 12.00
# Visual Studio Version 17
VisualStudioVersion = 17.5.33414.496
MinimumVisualStudioVersion = 10.0.40219.1
Project("{8BC9CEB8-8B4A-11D0-8D11-00A0C91BC942}") = "Project1", "Project1\Project1.vcxproj", "{127BD934-655C-4CE0-BC52-FB42A5D42DD1}"
EndProject
Project("{8BC9CEB8-8B4A-11D0-8D11-00A0C91BC942}") = "Project2", "Project2\Project2.vcxproj", "{60421BB7-04D0-4347-B1AE-FDAAE7E2FA9D}"
EndProject
Project("{8BC9CEB8-8B4A-11D0-8D11-00A0C91BC942}") = "test.c", "Project3\Project3.vcxproj", "{0CDB8915-5919-452C-A54A-E45F6DE7D343}"
EndProject
Project("{8BC9CEB8-8B4A-11D0-8D11-00A0C91BC942}") = "3-b1-2", "Project4\Project4.vcxproj", "{CCBC5261-458E-4817-AF98-4A5FACEAC0E0}"
EndProject
Project("{8BC9CEB8-8B4A-11D0-8D11-00A0C91BC942}") = "3-b2-2", "Project5\Project5.vcxproj", "{CF574151-F7D0-4181-BD52-F6A3ACAC19BA}"
EndProject
Project("{8BC9CEB8-8B4A-11D0-8D11-00A0C91BC942}") = "3-b3-2", "Project6\Project6.vcxproj", "{06134621-04D3-4FE0-8E13-E5DC12F12AB9}"
EndProject
Project("{8BC9CEB8-8B4A-11D0-8D11-00A0C91BC942}") = "3-b4-2", "Project7\Project7.vcxproj", "{FCEC2615-9BC2-44C2-BCA3-EF02CBD05E33}"
EndProject
Project("{8BC9CEB8-8B4A-11D0-8D11-00A0C91BC942}") = "3-b1-1", "Project8\Project8.vcxproj", "{C126311C-4F73-4AAC-B3A2-A093D5F82CF4}"
EndProject
Project("{8BC9CEB8-8B4A-11D0-8D11-00A0C91BC942}") = "3-b2-1", "Project9\Project9.vcxproj", "{4A3F7CD3-E05E-4B0F-9CE9-5EB89392185D}"
EndProject
Project("{8BC9CEB8-8B4A-11D0-8D11-00A0C91BC942}") = "3-b3-1", "Project10\Project10.vcxproj", "{03871222-3EDB-414A-A7F6-98ACB6F39C7A}"
EndProject
Project("{8BC9CEB8-8B4A-11D0-8D11-00A0C91BC942}") = "3-b4-1", "Project11\Project11.vcxproj", "{2EEF83AB-08C6-47E7-873C-74749A072BE7}"
EndProject
Project("{8BC9CEB8-8B4A-11D0-8D11-00A0C91BC942}") = "test.cpp", "Project12\Project12.vcxproj", "{E433EB1E-C5DE-4B4A-8320-95E6FEDE7ABE}"
EndProject
Project("{8BC9CEB8-8B4A-11D0-8D11-00A0C91BC942}") = "3-b5-2", "3-b5-2\3-b5-2.vcxproj", "{326694C7-464F-4A1D-9EF9-07EEE9FF5AB8}"
EndProject
Project("{8BC9CEB8-8B4A-11D0-8D11-00A0C91BC942}") = "3-b6-2", "3-b6-2\3-b6-2.vcxproj", "{737309B8-2182-48E9-A7E6-E5B0067A380D}"
EndProject
Project("{8BC9CEB8-8B4A-11D0-8D11-00A0C91BC942}") = "3-b7-2", "3-b7-2\3-b7-2.vcxproj", "{D31016C1-3CA0-41EB-A285-0B0A6EE7CE1D}"
EndProject
Project("{8BC9CEB8-8B4A-11D0-8D11-00A0C91BC942}") = "3-b5-1", "3-b5-1\3-b5-1.vcxproj", "{34A622D3-41B1-4CF5-96DD-00C7946B8645}"
EndProject
Project("{8BC9CEB8-8B4A-11D0-8D11-00A0C91BC942}") = "3-b6-1", "3-b6-1\3-b6-1.vcxproj", "{65775FB4-2741-46BB-8698-1F90D35CA470}"
EndProject
Project("{8BC9CEB8-8B4A-11D0-8D11-00A0C91BC942}") = "3-b7-1", "3-b7-1\3-b7-1.vcxproj", "{A79BE228-24B1-4C44-ABA1-EFA78593A769}"
EndProject
Project("{8BC9CEB8-8B4A-11D0-8D11-00A0C91BC942}") = "3-b8", "3-b8\3-b8.vcxproj", "{DDD969F6-16AE-4B87-B9C2-949EF776F0AF}"
EndProject
Project("{8BC9CEB8-8B4A-11D0-8D11-00A0C91BC942}") = "3-b9", "3-b9\3-b9.vcxproj", "{581EF9A5-1FC5-4589-921D-A01FFC18679A}"
EndProject
Project("{8BC9CEB8-8B4A-11D0-8D11-00A0C91BC942}") = "3-b10-1", "3-b10-1\3-b10-1.vcxproj", "{5DABD1A2-7A21-443F-9ABF-AD7AD06F5C2A}"
EndProject
Project("{8BC9CEB8-8B4A-11D0-8D11-00A0C91BC942}") = "3-b10-2", "3-b10-2\3-b10-2.vcxproj", "{F07D1E47-6054-4A4B-AF0F-D60E43C75C20}"
EndProject
Project("{8BC9CEB8-8B4A-11D0-8D11-00A0C91BC942}") = "3-b11-1", "3-b11-1\3-b11-1.vcxproj", "{51096726-8F54-4BD9-83E2-827AB5063504}"
EndProject
Project("{8BC9CEB8-8B4A-11D0-8D11-00A0C91BC942}") = "3-b11-2", "3-b11-2\3-b11-2.vcxproj", "{2DF8579D-377B-4A01-8862-4E33E97B4569}"
EndProject
Project("{8BC9CEB8-8B4A-11D0-8D11-00A0C91BC942}") = "3-b11-3", "3-b11-3\3-b11-3.vcxproj", "{9B051F00-D586-4FE2-95FF-16DCD159EEC4}"
EndProject
Project("{8BC9CEB8-8B4A-11D0-8D11-00A0C91BC942}") = "3-b11-4", "3-b11-4\3-b11-4.vcxproj", "{D610D842-8EDE-45C4-BCAE-E9B029AD96CC}"
EndProject
Project("{8BC9CEB8-8B4A-11D0-8D11-00A0C91BC942}") = "3-b11-5", "3-b11-5\3-b11-5.vcxproj", "{04220F6D-4643-48F5-9293-0D535A32B26B}"
EndProject
Project("{8BC9CEB8-8B4A-11D0-8D11-00A0C91BC942}") = "3-b12-1", "3-b12-1\3-b12-1.vcxproj", "{2E2A12FB-FCF7-4ECE-A57D-A857111FAE85}"
EndProject
Project("{8BC9CEB8-8B4A-11D0-8D11-00A0C91BC942}") = "3-b12-2", "3-b12-2\3-b12-2.vcxproj", "{9178F769-92BA-4B48-9C85-973A0C7D61FD}"
EndProject
Project("{8BC9CEB8-8B4A-11D0-8D11-00A0C91BC942}") = "3-b13-1", "3-b13-1\3-b13-1.vcxproj", "{54BDA9AB-553E-4DA7-BA6A-2C3103C229C0}"
EndProject
Project("{8BC9CEB8-8B4A-11D0-8D11-00A0C91BC942}") = "3-b13-2", "3-b13-2\3-b13-2.vcxproj", "{94724381-C468-4FCD-9DE0-9135DF641D4E}"
EndProject
Project("{8BC9CEB8-8B4A-11D0-8D11-00A0C91BC942}") = "人民币转大写2", "4-b1\4-b1.vcxproj", "{E35777E1-2CDB-43AF-B92B-2C444AAAC3B6}"
EndProject
Project("{8BC9CEB8-8B4A-11D0-8D11-00A0C91BC942}") = "4-b2-1", "4-b2-1\4-b2-1.vcxproj", "{8ABBF24A-9CA4-49E3-90C5-5A715A66B2DD}"
EndProject
Project("{8BC9CEB8-8B4A-11D0-8D11-00A0C91BC942}") = "4-b2-2", "4-b2-2\4-b2-2.vcxproj", "{7BE040ED-23B2-4D53-A5CA-218B99E0C82A}"
EndProject
Project("{8BC9CEB8-8B4A-11D0-8D11-00A0C91BC942}") = "4-b3", "4-b3\4-b3.vcxproj", "{FB156A26-7032-405D-956D-9F742E0EFF57}"
EndProject
Project("{8BC9CEB8-8B4A-11D0-8D11-00A0C91BC942}") = "4-b4-1", "4-b4-1\4-b4-1.vcxproj", "{E98AE27D-CADB-4645-8BA9-C78B1DB87691}"
EndProject
Project("{8BC9CEB8-8B4A-11D0-8D11-00A0C91BC942}") = "4-b4-2", "4-b4-2\4-b4-2.vcxproj", "{B5E117CE-8F2D-4D18-BBB3-59DCAB7564DA}"
EndProject
Project("{8BC9CEB8-8B4A-11D0-8D11-00A0C91BC942}") = "平方和", "平方和\平方和.vcxproj", "{57E429FE-4921-4087-8860-C874352BB914}"
EndProject
Project("{8BC9CEB8-8B4A-11D0-8D11-00A0C91BC942}") = "Legendre多项式", "Legendre多项式\Legendre多项式.vcxproj", "{9F22251F-4501-4158-A4C4-0DAACCD74650}"
EndProject
Project("{8BC9CEB8-8B4A-11D0-8D11-00A0C91BC942}") = "整数分解-正序", "正数分解-正序\正数分解-正序.vcxproj", "{8006D6B9-19A5-4464-BEE5-027593045ACF}"
EndProject
Project("{8BC9CEB8-8B4A-11D0-8D11-00A0C91BC942}") = "整数分解-逆序", "整数分解-逆序\整数分解-逆序.vcxproj", "{EE53F2FE-AA63-48F1-A25D-2ACBC9860AB5}"
EndProject
Project("{8BC9CEB8-8B4A-11D0-8D11-00A0C91BC942}") = "斐波那契", "斐波那契\斐波那契.vcxproj", "{E13D04AC-6455-4553-85FA-86D436E46EDC}"
EndProject
Project("{8BC9CEB8-8B4A-11D0-8D11-00A0C91BC942}") = "判断是否为幂", "判断是否为幂\判断是否为幂.vcxproj", "{594F13EE-F974-4F10-9BFC-FB5110E0E0BC}"
EndProject
Project("{8BC9CEB8-8B4A-11D0-8D11-00A0C91BC942}") = "输出字母塔", "输出字母塔\输出字母塔.vcxproj", "{15C15910-ACE0-4531-9B3A-9AC5A30C718B}"
EndProject
Project("{8BC9CEB8-8B4A-11D0-8D11-00A0C91BC942}") = "汉诺塔-基本移动", "汉诺塔-基本移动\汉诺塔-基本移动.vcxproj", "{AFDD926F-BD3A-4D28-A123-70AE8E9C8B9C}"
EndProject
Project("{8BC9CEB8-8B4A-11D0-8D11-00A0C91BC942}") = "汉诺塔-打印步数", "汉诺塔-打印步数\汉诺塔-打印步数.vcxproj", "{B7B615E3-E0CB-463E-AFCD-EFA5D76906A9}"
EndProject
Project("{8BC9CEB8-8B4A-11D0-8D11-00A0C91BC942}") = "汉诺塔-打印步数c，全局变量", "汉诺塔-打印步数c，全局变量\汉诺塔-打印步数c，全局变量.vcxproj", "{0F93FFF0-39E5-47C7-98A1-446A46772883}"
EndProject
Project("{8BC9CEB8-8B4A-11D0-8D11-00A0C91BC942}") = "有序数组中插入数据后仍保持有序", "有序数组中插入数据后仍保持有序\有序数组中插入数据后仍保持有序.vcxproj", "{70B9FBF1-6014-480D-8C8E-CB40CDC1F047}"
EndProject
Project("{8BC9CEB8-8B4A-11D0-8D11-00A0C91BC942}") = "100盏灯的亮灭", "100盏灯的亮灭\100盏灯的亮灭.vcxproj", "{3EA8F29E-30DE-4CA8-B529-0038ACE37EB1}"
EndProject
Project("{8BC9CEB8-8B4A-11D0-8D11-00A0C91BC942}") = "输入日期求天数", "输入日期求天数\输入日期求天数.vcxproj", "{BC65FCE2-ED64-42A9-9E03-22538A023302}"
EndProject
Project("{8BC9CEB8-8B4A-11D0-8D11-00A0C91BC942}") = "含相同值的成绩计数", "含相同值的成绩计数\含相同值的成绩计数.vcxproj", "{911AA21F-08BA-425D-B7A9-440946003F3A}"
EndProject
Project("{8BC9CEB8-8B4A-11D0-8D11-00A0C91BC942}") = "含相同值的成绩排序", "含相同值的成绩排序\含相同值的成绩排序.vcxproj", "{341BB83F-B303-4D90-AF7B-8A3F9BB8CA95}"
EndProject
Project("{8BC9CEB8-8B4A-11D0-8D11-00A0C91BC942}") = "汉诺塔每步详细横向-3个变量+3个一维", "汉诺塔每步详细横向-3个变量+3个一维\汉诺塔每步详细横向-3个变量+3个一维.vcxproj", "{3289E666-8587-4606-B758-C6CF56DABF46}"
EndProject
Project("{8BC9CEB8-8B4A-11D0-8D11-00A0C91BC942}") = "汉诺塔每步详细横向1个一维+1个二维", "汉诺塔每步详细横向1个一维+1个二维\汉诺塔每步详细横向1个一维+1个二维.vcxproj", "{B498C707-ED4E-41D9-8F9C-51F1212C7E5E}"
EndProject
Project("{8BC9CEB8-8B4A-11D0-8D11-00A0C91BC942}") = "高精度幂计算", "高精度幂计算\高精度幂计算.vcxproj", "{7C11D205-7F56-4AEF-BB77-99CB70DE9A63}"
EndProject
Project("{8BC9CEB8-8B4A-11D0-8D11-00A0C91BC942}") = "数独判断", "数独判断\数独判断.vcxproj", "{F5C2BCA4-DD5E-46DB-AC7E-57136E1E63EC}"
EndProject
Project("{8BC9CEB8-8B4A-11D0-8D11-00A0C91BC942}") = "打印年历", "打印年历\打印年历.vcxproj", "{B033DC62-46AD-48DB-BDEB-0083EA6C47E6}"
EndProject
Project("{8BC9CEB8-8B4A-11D0-8D11-00A0C91BC942}") = "5-b7", "5-b7\5-b7.vcxproj", "{29EC82C7-ED93-47BD-9715-8AE9409CA131}"
EndProject
Project("{8BC9CEB8-8B4A-11D0-8D11-00A0C91BC942}") = "一组字符串处理函数", "一组字符串处理函数\一组字符串处理函数.vcxproj", "{D2557A3B-1758-42DB-8B5B-63D56CB6126D}"
EndProject
Project("{8BC9CEB8-8B4A-11D0-8D11-00A0C91BC942}") = "5-b11人民币转大写", "5-b11人民币转大写\5-b11人民币转大写.vcxproj", "{FE3CF06E-A19E-43F3-815D-2175AAC9676A}"
EndProject
Project("{8BC9CEB8-8B4A-11D0-8D11-00A0C91BC942}") = "5-b11人民币转大写c", "5-b11人民币转大写c\5-b11人民币转大写c.vcxproj", "{C289B3A7-B2F7-491B-9DC3-B83291F61B32}"
EndProject
Project("{8BC9CEB8-8B4A-11D0-8D11-00A0C91BC942}") = "扫雷内部数组生成", "扫雷内部数组生成\扫雷内部数组生成.vcxproj", "{9ACC9BE8-B50C-48E0-937A-B2BF70A795D5}"
EndProject
Project("{8BC9CEB8-8B4A-11D0-8D11-00A0C91BC942}") = "扫雷内部数组验证", "扫雷内部数组验证\扫雷内部数组验证.vcxproj", "{20582BD3-74CE-4EE7-B31A-9A94F975B83A}"
EndProject
Project("{8BC9CEB8-8B4A-11D0-8D11-00A0C91BC942}") = "test-cct", "test-cct\test-cct.vcxproj", "{22E95048-5274-42A3-BDFE-8284DC5BD0DD}"
EndProject
Project("{8BC9CEB8-8B4A-11D0-8D11-00A0C91BC942}") = "90-b1", "90-b1\90-b1.vcxproj", "{B1F8DDAB-51E1-4006-9598-798B15C371FA}"
EndProject
Project("{8BC9CEB8-8B4A-11D0-8D11-00A0C91BC942}") = "统计各种字符的数量", "统计各种字符的数量\统计各种字符的数量.vcxproj", "{25B308BF-72FB-4D10-894A-0C2EFA10764F}"
EndProject
Project("{8BC9CEB8-8B4A-11D0-8D11-00A0C91BC942}") = "学号降序打印及格名单c方式", "学号降序打印及格名单c方式\学号降序打印及格名单c方式.vcxproj", "{F0D94DCC-EE49-4862-B4EF-F667457936C9}"
EndProject
Project("{8BC9CEB8-8B4A-11D0-8D11-00A0C91BC942}") = "成绩升序打印不及格名单string类", "成绩升序打印不及格名单\成绩升序打印不及格名单.vcxproj", "{D08B03CB-33AF-45CF-AD8E-DB956050C863}"
EndProject
Project("{8BC9CEB8-8B4A-11D0-8D11-00A0C91BC942}") = "学号升序打印全部学生string类", "学号升序打印全部学生string类\学号升序打印全部学生string类.vcxproj", "{9C72CB63-3918-48EF-9AFC-FC9242E5E7FB}"
EndProject
Project("{8BC9CEB8-8B4A-11D0-8D11-00A0C91BC942}") = "成绩降序打印全部学生c方式", "成绩降序打印全部学生c方式\成绩降序打印全部学生c方式.vcxproj", "{EAA6B81A-7B2F-43B5-854C-03AB25BD4F5A}"
EndProject
Project("{8BC9CEB8-8B4A-11D0-8D11-00A0C91BC942}") = "密码生成", "密码生成\密码生成.vcxproj", "{9EE07AD7-611F-4280-98EC-50635E2758A0}"
EndProject
Project("{8BC9CEB8-8B4A-11D0-8D11-00A0C91BC942}") = "密码验证", "密码验证\密码验证.vcxproj", "{5C657F60-044B-4791-B101-16AFC2F1D192}"
EndProject
Project("{8BC9CEB8-8B4A-11D0-8D11-00A0C91BC942}") = "2023.5.16", "ACM\ACM.vcxproj", "{4DB55E54-28A1-48D0-9E3F-068F7A82468E}"
EndProject
Project("{8BC9CEB8-8B4A-11D0-8D11-00A0C91BC942}") = "字符串中取整数", "字符串中取整数\字符串中取整数.vcxproj", "{16446B90-3C3D-48A1-AFAF-1DE312CC995C}"
EndProject
Project("{8BC9CEB8-8B4A-11D0-8D11-00A0C91BC942}") = "判断回文串", "判断回文串\判断回文串.vcxproj", "{9169CE9E-79F9-4E4C-90E3-F90F99FAC8C2}"
EndProject
Project("{8BC9CEB8-8B4A-11D0-8D11-00A0C91BC942}") = "二进制转十进制", "二进制转十进制\二进制转十进制.vcxproj", "{567118AB-DCCD-4251-80F1-AC74039EFFD3}"
EndProject
Project("{8BC9CEB8-8B4A-11D0-8D11-00A0C91BC942}") = "一组字符串处理函数2", "一组字符串处理函数2\一组字符串处理函数2.vcxproj", "{6D4B42C6-605E-4C7F-84D6-1C8409D3DAC1}"
EndProject
Project("{8BC9CEB8-8B4A-11D0-8D11-00A0C91BC942}") = "过河卒", "过河卒\过河卒.vcxproj", "{C2930079-4106-42A5-A256-05C99D342F4F}"
EndProject
Project("{8BC9CEB8-8B4A-11D0-8D11-00A0C91BC942}") = "铺地毯", "铺地毯\铺地毯.vcxproj", "{A12C81FC-E9AF-4BB9-8BD0-051698EA1510}"
EndProject
Project("{8BC9CEB8-8B4A-11D0-8D11-00A0C91BC942}") = "采药", "采药\采药.vcxproj", "{897D1A8B-2AC0-411C-8CEE-E98A7A5AC541}"
EndProject
Project("{8BC9CEB8-8B4A-11D0-8D11-00A0C91BC942}") = "装箱子", "装箱子\装箱子.vcxproj", "{5D6F9D9A-8F6E-4684-93FA-DCFDEFC46B64}"
EndProject
Project("{8BC9CEB8-8B4A-11D0-8D11-00A0C91BC942}") = "模拟传球", "模拟传球\模拟传球.vcxproj", "{AC9B4FC0-272A-4A5A-BE27-1961B7082BB9}"
EndProject
Project("{8BC9CEB8-8B4A-11D0-8D11-00A0C91BC942}") = "开心的金明", "开心的金明\开心的金明.vcxproj", "{8A20C84A-9800-40EC-ABE3-2CFBF0FAABBF}"
EndProject
Project("{8BC9CEB8-8B4A-11D0-8D11-00A0C91BC942}") = "青蛙过河", "青蛙过河\青蛙过河.vcxproj", "{53BD72C4-7408-4256-B822-4F62775EBF2E}"
EndProject
Project("{8BC9CEB8-8B4A-11D0-8D11-00A0C91BC942}") = "秒数转日期", "秒数转日期\秒数转日期.vcxproj", "{5DA9E4FD-DD01-46A9-92DE-27CD3D5DAAAE}"
EndProject
Project("{8BC9CEB8-8B4A-11D0-8D11-00A0C91BC942}") = "kfc点餐", "kfc点餐\kfc点餐.vcxproj", "{B2DEB5DA-3D72-4AAA-A040-D30E093AE3C3}"
EndProject
Project("{8BC9CEB8-8B4A-11D0-8D11-00A0C91BC942}") = "90-b2", "90-b2\90-b2.vcxproj", "{3AD2B9B3-70EF-4AE2-863F-F6D852F7D73F}"
EndProject
Project("{8BC9CEB8-8B4A-11D0-8D11-00A0C91BC942}") = "max重载函数", "max重载函数\max重载函数.vcxproj", "{79C2AE04-D565-4E4B-BEC8-BD5D5AB141BB}"
EndProject
Project("{8BC9CEB8-8B4A-11D0-8D11-00A0C91BC942}") = "min带缺省参数", "min带缺省参数\min带缺省参数.vcxproj", "{5CF0AF2A-BF84-4296-BB98-7226FEA1C5AC}"
EndProject
Project("{8BC9CEB8-8B4A-11D0-8D11-00A0C91BC942}") = "计算天数 类", "计算天数 类\计算天数 类.vcxproj", "{BE341991-2573-426B-AAA4-71F8D9C3FC5D}"
EndProject
Project("{8BC9CEB8-8B4A-11D0-8D11-00A0C91BC942}") = "求三角形面积 类 方法一", "求三角形面积 类 方法一\求三角形面积 类 方法一.vcxproj", "{EEEA301B-7503-4C0B-B435-644F8A7BE850}"
EndProject
Project("{8BC9CEB8-8B4A-11D0-8D11-00A0C91BC942}") = "求三角形面积 类 方法二", "求三角形面积 类 方法二\求三角形面积 类 方法二.vcxproj", "{CFB834AE-C638-48AC-BAF3-F7D797885E12}"
EndProject
Project("{8BC9CEB8-8B4A-11D0-8D11-00A0C91BC942}") = "简单的Date类", "简单的Date类\简单的Date类.vcxproj", "{7E11BD10-F626-4A1C-8980-AC475B9A4449}"
EndProject
Project("{8BC9CEB8-8B4A-11D0-8D11-00A0C91BC942}") = "求平均绩点", "求平均绩点\求平均绩点.vcxproj", "{AE9E140C-08BA-485D-A065-EB4F1B7E2006}"
EndProject
Project("{8BC9CEB8-8B4A-11D0-8D11-00A0C91BC942}") = "选课数据分析", "选课数据分析\选课数据分析.vcxproj", "{CA7F74F5-A7B7-4FD2-9C0F-99B48DD466E7}"
EndProject
Project("{8BC9CEB8-8B4A-11D0-8D11-00A0C91BC942}") = "Assignment(1)", "Assignment(1)\Assignment(1).vcxproj", "{60DB0E6C-26A3-4625-837F-AB0DF48E35CB}"
EndProject
Project("{8BC9CEB8-8B4A-11D0-8D11-00A0C91BC942}") = "Assignment(2)", "Assignment(2)\Assignment(2).vcxproj", "{18D5EB80-5F07-476F-9991-B58349BBCC4E}"
EndProject
Project("{8BC9CEB8-8B4A-11D0-8D11-00A0C91BC942}") = "Assignment(3)", "Assignment(3)\Assignment(3).vcxproj", "{6CECD3CC-92CE-4673-A8CC-41DD5FA3FD3B}"
EndProject
Project("{8BC9CEB8-8B4A-11D0-8D11-00A0C91BC942}") = "Assignment2-1", "Assignment2-1\Assignment2-1.vcxproj", "{74B28916-7107-4F50-AE35-967DFFF55056}"
EndProject
Project("{8BC9CEB8-8B4A-11D0-8D11-00A0C91BC942}") = "Assignment2-2", "Assignment2-2\Assignment2-2.vcxproj", "{4A38686F-AC7F-46AF-AFBD-0FBEFDF33A7A}"
EndProject
Project("{8BC9CEB8-8B4A-11D0-8D11-00A0C91BC942}") = "Assignment2-3", "Assignment2-3\Assignment2-3.vcxproj", "{D5A3DF9B-024E-4CB9-AF71-8B7EFB82FDD5}"
EndProject
Project("{8BC9CEB8-8B4A-11D0-8D11-00A0C91BC942}") = "离散数学：作业一", "离散数学：作业一\离散数学：作业一.vcxproj", "{C1C620F4-CDB0-4773-BD2F-D7604667630D}"
EndProject
Project("{8BC9CEB8-8B4A-11D0-8D11-00A0C91BC942}") = "离散数学：作业二", "离散数学：作业二\离散数学：作业二.vcxproj", "{E0A974C1-DC71-4143-8F14-A22A83E381A6}"
EndProject
Project("{8BC9CEB8-8B4A-11D0-8D11-00A0C91BC942}") = "离散数学：作业三", "离散数学：作业三\离散数学：作业三.vcxproj", "{8C3C551F-FDA1-4EAB-B21A-A358FED21D6C}"
EndProject
Project("{8BC9CEB8-8B4A-11D0-8D11-00A0C91BC942}") = "离散数学：作业四", "离散数学：作业四\离散数学：作业四.vcxproj", "{6B1FAEE9-F51A-4778-8AB1-8FD7A5A2AC3E}"
EndProject
Project("{8BC9CEB8-8B4A-11D0-8D11-00A0C91BC942}") = "离散数学：作业五", "离散数学：作业五\离散数学：作业五.vcxproj", "{ADDE6DB7-008E-4D38-83ED-205D502C6C33}"
EndProject
Project("{8BC9CEB8-8B4A-11D0-8D11-00A0C91BC942}") = "离散数学：作业六", "离散数学：作业六\离散数学：作业六.vcxproj", "{62E5246F-74F3-4BCF-9A73-7CA8CCEB9DA6}"
EndProject
Project("{8BC9CEB8-8B4A-11D0-8D11-00A0C91BC942}") = "Assignment3-1", "Assignment 3-1\Assignment 3-1.vcxproj", "{D5090A60-38AD-486E-ABF1-2B896BD86BB5}"
EndProject
Project("{8BC9CEB8-8B4A-11D0-8D11-00A0C91BC942}") = "Assignment3-2", "Assignment3-2\Assignment3-2.vcxproj", "{40DDB900-E598-4FED-A1BA-BE2ECA954516}"
EndProject
Project("{8BC9CEB8-8B4A-11D0-8D11-00A0C91BC942}") = "Assignment3-3", "Assignment3-3\Assignment3-3.vcxproj", "{85ADD25D-4B43-4835-856D-3CB3497F6E45}"
EndProject
Project("{8BC9CEB8-8B4A-11D0-8D11-00A0C91BC942}") = "11测试", "11测试\11测试.vcxproj", "{D9C784B4-67D5-4874-B13E-C8EDD9216A03}"
EndProject
Project("{8BC9CEB8-8B4A-11D0-8D11-00A0C91BC942}") = "11程序设计_五子棋", "11程序设计_五子棋\11程序设计_五子棋.vcxproj", "{62599FF7-1B19-4B1E-AAEE-98F70AE883A4}"
EndProject
Project("{8BC9CEB8-8B4A-11D0-8D11-00A0C91BC942}") = "11简单五子棋", "11简单五子棋\11简单五子棋.vcxproj", "{7AD1FD93-27A8-4BD9-849B-A45FA73CF8BB}"
EndProject
Project("{8BC9CEB8-8B4A-11D0-8D11-00A0C91BC942}") = "11.19 2", "11.19 2\11.19 2.vcxproj", "{A86E3A53-0BB5-4FAF-B2F6-3AE5844C232C}"
EndProject
Project("{8BC9CEB8-8B4A-11D0-8D11-00A0C91BC942}") = "11.19 3", "11.19 3\11.19 3.vcxproj", "{9C1A847E-B68C-45F7-A49E-29899E8D4158}"
EndProject
Project("{8BC9CEB8-8B4A-11D0-8D11-00A0C91BC942}") = "11.19 4", "11.19 4\11.19 4.vcxproj", "{F063905A-72BF-45FB-86AE-D4019CAA0CE9}"
EndProject
Project("{8BC9CEB8-8B4A-11D0-8D11-00A0C91BC942}") = "1111五子棋", "1111五子棋\1111五子棋.vcxproj", "{D1FCD1F0-5064-4309-8E23-B02C6E3D9322}"
EndProject
Project("{8BC9CEB8-8B4A-11D0-8D11-00A0C91BC942}") = "离散数学作业一A", "离散数学作业一A\离散数学作业一A.vcxproj", "{2099E857-8CE5-4B8F-8FB6-8ED82A8FD13A}"
EndProject
Project("{8BC9CEB8-8B4A-11D0-8D11-00A0C91BC942}") = "01_2253209_刘佳朋", "1_2253209_刘佳朋\1_2253209_刘佳朋.vcxproj", "{8F96D0EE-9BB0-4BF8-B781-871C0D9FFD41}"
EndProject
Project("{8BC9CEB8-8B4A-11D0-8D11-00A0C91BC942}") = "02_2253209_刘佳朋", "2_2253209_刘佳朋\2_2253209_刘佳朋.vcxproj", "{57181DF5-05F4-4270-9C56-4BFF5CD0A44F}"
EndProject
Project("{8BC9CEB8-8B4A-11D0-8D11-00A0C91BC942}") = "03_2253209_刘佳朋", "03_2253209_刘佳朋\03_2253209_刘佳朋.vcxproj", "{208C3C25-71E4-49A5-B251-99EBE91C747D}"
EndProject
Project("{8BC9CEB8-8B4A-11D0-8D11-00A0C91BC942}") = "04_2253209_刘佳朋", "04_2253209_刘佳朋\04_2253209_刘佳朋.vcxproj", "{1845DA11-A847-4B46-B545-E2EC61506B5B}"
EndProject
Project("{8BC9CEB8-8B4A-11D0-8D11-00A0C91BC942}") = "05_2253209_刘佳朋", "05_2253209_刘佳朋\05_2253209_刘佳朋.vcxproj", "{6A2CF644-587B-40CA-8BD6-41C4CB5AD7FB}"
EndProject
Project("{8BC9CEB8-8B4A-11D0-8D11-00A0C91BC942}") = "06_2253209_刘佳朋", "06_2253209_刘佳朋\06_2253209_刘佳朋.vcxproj", "{28E58596-7992-4576-BBD9-56016FABDBEA}"
EndProject
Project("{8BC9CEB8-8B4A-11D0-8D11-00A0C91BC942}") = "07_2253209_刘佳朋", "07_2253209_刘佳朋\07_2253209_刘佳朋.vcxproj", "{C333FF74-2721-4240-B872-51D982E08764}"
EndProject
Project("{8BC9CEB8-8B4A-11D0-8D11-00A0C91BC942}") = "08_2253209_刘佳朋", "08_2253209_刘佳朋\08_2253209_刘佳朋.vcxproj", "{70C469C8-7C1A-4013-A00A-F590A489A30F}"
EndProject
Project("{8BC9CEB8-8B4A-11D0-8D11-00A0C91BC942}") = "09_2253209_刘佳朋", "09_2253209_刘佳朋\09_2253209_刘佳朋.vcxproj", "{544EEC26-1F95-42F6-AC61-AE216454A1AC}"
EndProject
Project("{8BC9CEB8-8B4A-11D0-8D11-00A0C91BC942}") = "10_2253209_刘佳朋", "10_2253209_刘佳朋\10_2253209_刘佳朋.vcxproj", "{02723945-3A1E-4E1F-B119-BC90E3E85B88}"
EndProject
Project("{8BC9CEB8-8B4A-11D0-8D11-00A0C91BC942}") = "01", "01\01.vcxproj", "{1F0E8103-F978-4B54-B09B-F648FA2A113C}"
EndProject
Project("{8BC9CEB8-8B4A-11D0-8D11-00A0C91BC942}") = "03", "03\03.vcxproj", "{CF01D980-37D9-488F-ACF1-8C3B33E84945}"
EndProject
Project("{8BC9CEB8-8B4A-11D0-8D11-00A0C91BC942}") = "06", "06\06.vcxproj", "{F0328ED5-91F6-4993-9396-F4C0A4027453}"
EndProject
Project("{8BC9CEB8-8B4A-11D0-8D11-00A0C91BC942}") = "08", "08\08.vcxproj", "{4D4A0CD2-5212-46F2-9FED-195520F1F7FC}"
EndProject
Global
	GlobalSection(SolutionConfigurationPlatforms) = preSolution
		Debug|x64 = Debug|x64
		Debug|x86 = Debug|x86
		Release|x64 = Release|x64
		Release|x86 = Release|x86
	EndGlobalSection
	GlobalSection(ProjectConfigurationPlatforms) = postSolution
		{127BD934-655C-4CE0-BC52-FB42A5D42DD1}.Debug|x64.ActiveCfg = Debug|x64
		{127BD934-655C-4CE0-BC52-FB42A5D42DD1}.Debug|x64.Build.0 = Debug|x64
		{127BD934-655C-4CE0-BC52-FB42A5D42DD1}.Debug|x86.ActiveCfg = Debug|Win32
		{127BD934-655C-4CE0-BC52-FB42A5D42DD1}.Debug|x86.Build.0 = Debug|Win32
		{127BD934-655C-4CE0-BC52-FB42A5D42DD1}.Release|x64.ActiveCfg = Release|x64
		{127BD934-655C-4CE0-BC52-FB42A5D42DD1}.Release|x64.Build.0 = Release|x64
		{127BD934-655C-4CE0-BC52-FB42A5D42DD1}.Release|x86.ActiveCfg = Release|Win32
		{127BD934-655C-4CE0-BC52-FB42A5D42DD1}.Release|x86.Build.0 = Release|Win32
		{60421BB7-04D0-4347-B1AE-FDAAE7E2FA9D}.Debug|x64.ActiveCfg = Debug|x64
		{60421BB7-04D0-4347-B1AE-FDAAE7E2FA9D}.Debug|x64.Build.0 = Debug|x64
		{60421BB7-04D0-4347-B1AE-FDAAE7E2FA9D}.Debug|x86.ActiveCfg = Debug|Win32
		{60421BB7-04D0-4347-B1AE-FDAAE7E2FA9D}.Debug|x86.Build.0 = Debug|Win32
		{60421BB7-04D0-4347-B1AE-FDAAE7E2FA9D}.Release|x64.ActiveCfg = Release|x64
		{60421BB7-04D0-4347-B1AE-FDAAE7E2FA9D}.Release|x64.Build.0 = Release|x64
		{60421BB7-04D0-4347-B1AE-FDAAE7E2FA9D}.Release|x86.ActiveCfg = Release|Win32
		{60421BB7-04D0-4347-B1AE-FDAAE7E2FA9D}.Release|x86.Build.0 = Release|Win32
		{0CDB8915-5919-452C-A54A-E45F6DE7D343}.Debug|x64.ActiveCfg = Debug|x64
		{0CDB8915-5919-452C-A54A-E45F6DE7D343}.Debug|x64.Build.0 = Debug|x64
		{0CDB8915-5919-452C-A54A-E45F6DE7D343}.Debug|x86.ActiveCfg = Debug|Win32
		{0CDB8915-5919-452C-A54A-E45F6DE7D343}.Debug|x86.Build.0 = Debug|Win32
		{0CDB8915-5919-452C-A54A-E45F6DE7D343}.Release|x64.ActiveCfg = Release|x64
		{0CDB8915-5919-452C-A54A-E45F6DE7D343}.Release|x64.Build.0 = Release|x64
		{0CDB8915-5919-452C-A54A-E45F6DE7D343}.Release|x86.ActiveCfg = Release|Win32
		{0CDB8915-5919-452C-A54A-E45F6DE7D343}.Release|x86.Build.0 = Release|Win32
		{CCBC5261-458E-4817-AF98-4A5FACEAC0E0}.Debug|x64.ActiveCfg = Debug|x64
		{CCBC5261-458E-4817-AF98-4A5FACEAC0E0}.Debug|x64.Build.0 = Debug|x64
		{CCBC5261-458E-4817-AF98-4A5FACEAC0E0}.Debug|x86.ActiveCfg = Debug|Win32
		{CCBC5261-458E-4817-AF98-4A5FACEAC0E0}.Debug|x86.Build.0 = Debug|Win32
		{CCBC5261-458E-4817-AF98-4A5FACEAC0E0}.Release|x64.ActiveCfg = Release|x64
		{CCBC5261-458E-4817-AF98-4A5FACEAC0E0}.Release|x64.Build.0 = Release|x64
		{CCBC5261-458E-4817-AF98-4A5FACEAC0E0}.Release|x86.ActiveCfg = Release|Win32
		{CCBC5261-458E-4817-AF98-4A5FACEAC0E0}.Release|x86.Build.0 = Release|Win32
		{CF574151-F7D0-4181-BD52-F6A3ACAC19BA}.Debug|x64.ActiveCfg = Debug|x64
		{CF574151-F7D0-4181-BD52-F6A3ACAC19BA}.Debug|x64.Build.0 = Debug|x64
		{CF574151-F7D0-4181-BD52-F6A3ACAC19BA}.Debug|x86.ActiveCfg = Debug|Win32
		{CF574151-F7D0-4181-BD52-F6A3ACAC19BA}.Debug|x86.Build.0 = Debug|Win32
		{CF574151-F7D0-4181-BD52-F6A3ACAC19BA}.Release|x64.ActiveCfg = Release|x64
		{CF574151-F7D0-4181-BD52-F6A3ACAC19BA}.Release|x64.Build.0 = Release|x64
		{CF574151-F7D0-4181-BD52-F6A3ACAC19BA}.Release|x86.ActiveCfg = Release|Win32
		{CF574151-F7D0-4181-BD52-F6A3ACAC19BA}.Release|x86.Build.0 = Release|Win32
		{06134621-04D3-4FE0-8E13-E5DC12F12AB9}.Debug|x64.ActiveCfg = Debug|x64
		{06134621-04D3-4FE0-8E13-E5DC12F12AB9}.Debug|x64.Build.0 = Debug|x64
		{06134621-04D3-4FE0-8E13-E5DC12F12AB9}.Debug|x86.ActiveCfg = Debug|Win32
		{06134621-04D3-4FE0-8E13-E5DC12F12AB9}.Debug|x86.Build.0 = Debug|Win32
		{06134621-04D3-4FE0-8E13-E5DC12F12AB9}.Release|x64.ActiveCfg = Release|x64
		{06134621-04D3-4FE0-8E13-E5DC12F12AB9}.Release|x64.Build.0 = Release|x64
		{06134621-04D3-4FE0-8E13-E5DC12F12AB9}.Release|x86.ActiveCfg = Release|Win32
		{06134621-04D3-4FE0-8E13-E5DC12F12AB9}.Release|x86.Build.0 = Release|Win32
		{FCEC2615-9BC2-44C2-BCA3-EF02CBD05E33}.Debug|x64.ActiveCfg = Debug|x64
		{FCEC2615-9BC2-44C2-BCA3-EF02CBD05E33}.Debug|x64.Build.0 = Debug|x64
		{FCEC2615-9BC2-44C2-BCA3-EF02CBD05E33}.Debug|x86.ActiveCfg = Debug|Win32
		{FCEC2615-9BC2-44C2-BCA3-EF02CBD05E33}.Debug|x86.Build.0 = Debug|Win32
		{FCEC2615-9BC2-44C2-BCA3-EF02CBD05E33}.Release|x64.ActiveCfg = Release|x64
		{FCEC2615-9BC2-44C2-BCA3-EF02CBD05E33}.Release|x64.Build.0 = Release|x64
		{FCEC2615-9BC2-44C2-BCA3-EF02CBD05E33}.Release|x86.ActiveCfg = Release|Win32
		{FCEC2615-9BC2-44C2-BCA3-EF02CBD05E33}.Release|x86.Build.0 = Release|Win32
		{C126311C-4F73-4AAC-B3A2-A093D5F82CF4}.Debug|x64.ActiveCfg = Debug|x64
		{C126311C-4F73-4AAC-B3A2-A093D5F82CF4}.Debug|x64.Build.0 = Debug|x64
		{C126311C-4F73-4AAC-B3A2-A093D5F82CF4}.Debug|x86.ActiveCfg = Debug|Win32
		{C126311C-4F73-4AAC-B3A2-A093D5F82CF4}.Debug|x86.Build.0 = Debug|Win32
		{C126311C-4F73-4AAC-B3A2-A093D5F82CF4}.Release|x64.ActiveCfg = Release|x64
		{C126311C-4F73-4AAC-B3A2-A093D5F82CF4}.Release|x64.Build.0 = Release|x64
		{C126311C-4F73-4AAC-B3A2-A093D5F82CF4}.Release|x86.ActiveCfg = Release|Win32
		{C126311C-4F73-4AAC-B3A2-A093D5F82CF4}.Release|x86.Build.0 = Release|Win32
		{4A3F7CD3-E05E-4B0F-9CE9-5EB89392185D}.Debug|x64.ActiveCfg = Debug|x64
		{4A3F7CD3-E05E-4B0F-9CE9-5EB89392185D}.Debug|x64.Build.0 = Debug|x64
		{4A3F7CD3-E05E-4B0F-9CE9-5EB89392185D}.Debug|x86.ActiveCfg = Debug|Win32
		{4A3F7CD3-E05E-4B0F-9CE9-5EB89392185D}.Debug|x86.Build.0 = Debug|Win32
		{4A3F7CD3-E05E-4B0F-9CE9-5EB89392185D}.Release|x64.ActiveCfg = Release|x64
		{4A3F7CD3-E05E-4B0F-9CE9-5EB89392185D}.Release|x64.Build.0 = Release|x64
		{4A3F7CD3-E05E-4B0F-9CE9-5EB89392185D}.Release|x86.ActiveCfg = Release|Win32
		{4A3F7CD3-E05E-4B0F-9CE9-5EB89392185D}.Release|x86.Build.0 = Release|Win32
		{03871222-3EDB-414A-A7F6-98ACB6F39C7A}.Debug|x64.ActiveCfg = Debug|x64
		{03871222-3EDB-414A-A7F6-98ACB6F39C7A}.Debug|x64.Build.0 = Debug|x64
		{03871222-3EDB-414A-A7F6-98ACB6F39C7A}.Debug|x86.ActiveCfg = Debug|Win32
		{03871222-3EDB-414A-A7F6-98ACB6F39C7A}.Debug|x86.Build.0 = Debug|Win32
		{03871222-3EDB-414A-A7F6-98ACB6F39C7A}.Release|x64.ActiveCfg = Release|x64
		{03871222-3EDB-414A-A7F6-98ACB6F39C7A}.Release|x64.Build.0 = Release|x64
		{03871222-3EDB-414A-A7F6-98ACB6F39C7A}.Release|x86.ActiveCfg = Release|Win32
		{03871222-3EDB-414A-A7F6-98ACB6F39C7A}.Release|x86.Build.0 = Release|Win32
		{2EEF83AB-08C6-47E7-873C-74749A072BE7}.Debug|x64.ActiveCfg = Debug|x64
		{2EEF83AB-08C6-47E7-873C-74749A072BE7}.Debug|x64.Build.0 = Debug|x64
		{2EEF83AB-08C6-47E7-873C-74749A072BE7}.Debug|x86.ActiveCfg = Debug|Win32
		{2EEF83AB-08C6-47E7-873C-74749A072BE7}.Debug|x86.Build.0 = Debug|Win32
		{2EEF83AB-08C6-47E7-873C-74749A072BE7}.Release|x64.ActiveCfg = Release|x64
		{2EEF83AB-08C6-47E7-873C-74749A072BE7}.Release|x64.Build.0 = Release|x64
		{2EEF83AB-08C6-47E7-873C-74749A072BE7}.Release|x86.ActiveCfg = Release|Win32
		{2EEF83AB-08C6-47E7-873C-74749A072BE7}.Release|x86.Build.0 = Release|Win32
		{E433EB1E-C5DE-4B4A-8320-95E6FEDE7ABE}.Debug|x64.ActiveCfg = Debug|x64
		{E433EB1E-C5DE-4B4A-8320-95E6FEDE7ABE}.Debug|x64.Build.0 = Debug|x64
		{E433EB1E-C5DE-4B4A-8320-95E6FEDE7ABE}.Debug|x86.ActiveCfg = Debug|Win32
		{E433EB1E-C5DE-4B4A-8320-95E6FEDE7ABE}.Debug|x86.Build.0 = Debug|Win32
		{E433EB1E-C5DE-4B4A-8320-95E6FEDE7ABE}.Release|x64.ActiveCfg = Release|x64
		{E433EB1E-C5DE-4B4A-8320-95E6FEDE7ABE}.Release|x64.Build.0 = Release|x64
		{E433EB1E-C5DE-4B4A-8320-95E6FEDE7ABE}.Release|x86.ActiveCfg = Release|Win32
		{E433EB1E-C5DE-4B4A-8320-95E6FEDE7ABE}.Release|x86.Build.0 = Release|Win32
		{326694C7-464F-4A1D-9EF9-07EEE9FF5AB8}.Debug|x64.ActiveCfg = Debug|x64
		{326694C7-464F-4A1D-9EF9-07EEE9FF5AB8}.Debug|x64.Build.0 = Debug|x64
		{326694C7-464F-4A1D-9EF9-07EEE9FF5AB8}.Debug|x86.ActiveCfg = Debug|Win32
		{326694C7-464F-4A1D-9EF9-07EEE9FF5AB8}.Debug|x86.Build.0 = Debug|Win32
		{326694C7-464F-4A1D-9EF9-07EEE9FF5AB8}.Release|x64.ActiveCfg = Release|x64
		{326694C7-464F-4A1D-9EF9-07EEE9FF5AB8}.Release|x64.Build.0 = Release|x64
		{326694C7-464F-4A1D-9EF9-07EEE9FF5AB8}.Release|x86.ActiveCfg = Release|Win32
		{326694C7-464F-4A1D-9EF9-07EEE9FF5AB8}.Release|x86.Build.0 = Release|Win32
		{737309B8-2182-48E9-A7E6-E5B0067A380D}.Debug|x64.ActiveCfg = Debug|x64
		{737309B8-2182-48E9-A7E6-E5B0067A380D}.Debug|x64.Build.0 = Debug|x64
		{737309B8-2182-48E9-A7E6-E5B0067A380D}.Debug|x86.ActiveCfg = Debug|Win32
		{737309B8-2182-48E9-A7E6-E5B0067A380D}.Debug|x86.Build.0 = Debug|Win32
		{737309B8-2182-48E9-A7E6-E5B0067A380D}.Release|x64.ActiveCfg = Release|x64
		{737309B8-2182-48E9-A7E6-E5B0067A380D}.Release|x64.Build.0 = Release|x64
		{737309B8-2182-48E9-A7E6-E5B0067A380D}.Release|x86.ActiveCfg = Release|Win32
		{737309B8-2182-48E9-A7E6-E5B0067A380D}.Release|x86.Build.0 = Release|Win32
		{D31016C1-3CA0-41EB-A285-0B0A6EE7CE1D}.Debug|x64.ActiveCfg = Debug|x64
		{D31016C1-3CA0-41EB-A285-0B0A6EE7CE1D}.Debug|x64.Build.0 = Debug|x64
		{D31016C1-3CA0-41EB-A285-0B0A6EE7CE1D}.Debug|x86.ActiveCfg = Debug|Win32
		{D31016C1-3CA0-41EB-A285-0B0A6EE7CE1D}.Debug|x86.Build.0 = Debug|Win32
		{D31016C1-3CA0-41EB-A285-0B0A6EE7CE1D}.Release|x64.ActiveCfg = Release|x64
		{D31016C1-3CA0-41EB-A285-0B0A6EE7CE1D}.Release|x64.Build.0 = Release|x64
		{D31016C1-3CA0-41EB-A285-0B0A6EE7CE1D}.Release|x86.ActiveCfg = Release|Win32
		{D31016C1-3CA0-41EB-A285-0B0A6EE7CE1D}.Release|x86.Build.0 = Release|Win32
		{34A622D3-41B1-4CF5-96DD-00C7946B8645}.Debug|x64.ActiveCfg = Debug|x64
		{34A622D3-41B1-4CF5-96DD-00C7946B8645}.Debug|x64.Build.0 = Debug|x64
		{34A622D3-41B1-4CF5-96DD-00C7946B8645}.Debug|x86.ActiveCfg = Debug|Win32
		{34A622D3-41B1-4CF5-96DD-00C7946B8645}.Debug|x86.Build.0 = Debug|Win32
		{34A622D3-41B1-4CF5-96DD-00C7946B8645}.Release|x64.ActiveCfg = Release|x64
		{34A622D3-41B1-4CF5-96DD-00C7946B8645}.Release|x64.Build.0 = Release|x64
		{34A622D3-41B1-4CF5-96DD-00C7946B8645}.Release|x86.ActiveCfg = Release|Win32
		{34A622D3-41B1-4CF5-96DD-00C7946B8645}.Release|x86.Build.0 = Release|Win32
		{65775FB4-2741-46BB-8698-1F90D35CA470}.Debug|x64.ActiveCfg = Debug|x64
		{65775FB4-2741-46BB-8698-1F90D35CA470}.Debug|x64.Build.0 = Debug|x64
		{65775FB4-2741-46BB-8698-1F90D35CA470}.Debug|x86.ActiveCfg = Debug|Win32
		{65775FB4-2741-46BB-8698-1F90D35CA470}.Debug|x86.Build.0 = Debug|Win32
		{65775FB4-2741-46BB-8698-1F90D35CA470}.Release|x64.ActiveCfg = Release|x64
		{65775FB4-2741-46BB-8698-1F90D35CA470}.Release|x64.Build.0 = Release|x64
		{65775FB4-2741-46BB-8698-1F90D35CA470}.Release|x86.ActiveCfg = Release|Win32
		{65775FB4-2741-46BB-8698-1F90D35CA470}.Release|x86.Build.0 = Release|Win32
		{A79BE228-24B1-4C44-ABA1-EFA78593A769}.Debug|x64.ActiveCfg = Debug|x64
		{A79BE228-24B1-4C44-ABA1-EFA78593A769}.Debug|x64.Build.0 = Debug|x64
		{A79BE228-24B1-4C44-ABA1-EFA78593A769}.Debug|x86.ActiveCfg = Debug|Win32
		{A79BE228-24B1-4C44-ABA1-EFA78593A769}.Debug|x86.Build.0 = Debug|Win32
		{A79BE228-24B1-4C44-ABA1-EFA78593A769}.Release|x64.ActiveCfg = Release|x64
		{A79BE228-24B1-4C44-ABA1-EFA78593A769}.Release|x64.Build.0 = Release|x64
		{A79BE228-24B1-4C44-ABA1-EFA78593A769}.Release|x86.ActiveCfg = Release|Win32
		{A79BE228-24B1-4C44-ABA1-EFA78593A769}.Release|x86.Build.0 = Release|Win32
		{DDD969F6-16AE-4B87-B9C2-949EF776F0AF}.Debug|x64.ActiveCfg = Debug|x64
		{DDD969F6-16AE-4B87-B9C2-949EF776F0AF}.Debug|x64.Build.0 = Debug|x64
		{DDD969F6-16AE-4B87-B9C2-949EF776F0AF}.Debug|x86.ActiveCfg = Debug|Win32
		{DDD969F6-16AE-4B87-B9C2-949EF776F0AF}.Debug|x86.Build.0 = Debug|Win32
		{DDD969F6-16AE-4B87-B9C2-949EF776F0AF}.Release|x64.ActiveCfg = Release|x64
		{DDD969F6-16AE-4B87-B9C2-949EF776F0AF}.Release|x64.Build.0 = Release|x64
		{DDD969F6-16AE-4B87-B9C2-949EF776F0AF}.Release|x86.ActiveCfg = Release|Win32
		{DDD969F6-16AE-4B87-B9C2-949EF776F0AF}.Release|x86.Build.0 = Release|Win32
		{581EF9A5-1FC5-4589-921D-A01FFC18679A}.Debug|x64.ActiveCfg = Debug|x64
		{581EF9A5-1FC5-4589-921D-A01FFC18679A}.Debug|x64.Build.0 = Debug|x64
		{581EF9A5-1FC5-4589-921D-A01FFC18679A}.Debug|x86.ActiveCfg = Debug|Win32
		{581EF9A5-1FC5-4589-921D-A01FFC18679A}.Debug|x86.Build.0 = Debug|Win32
		{581EF9A5-1FC5-4589-921D-A01FFC18679A}.Release|x64.ActiveCfg = Release|x64
		{581EF9A5-1FC5-4589-921D-A01FFC18679A}.Release|x64.Build.0 = Release|x64
		{581EF9A5-1FC5-4589-921D-A01FFC18679A}.Release|x86.ActiveCfg = Release|Win32
		{581EF9A5-1FC5-4589-921D-A01FFC18679A}.Release|x86.Build.0 = Release|Win32
		{5DABD1A2-7A21-443F-9ABF-AD7AD06F5C2A}.Debug|x64.ActiveCfg = Debug|x64
		{5DABD1A2-7A21-443F-9ABF-AD7AD06F5C2A}.Debug|x64.Build.0 = Debug|x64
		{5DABD1A2-7A21-443F-9ABF-AD7AD06F5C2A}.Debug|x86.ActiveCfg = Debug|Win32
		{5DABD1A2-7A21-443F-9ABF-AD7AD06F5C2A}.Debug|x86.Build.0 = Debug|Win32
		{5DABD1A2-7A21-443F-9ABF-AD7AD06F5C2A}.Release|x64.ActiveCfg = Release|x64
		{5DABD1A2-7A21-443F-9ABF-AD7AD06F5C2A}.Release|x64.Build.0 = Release|x64
		{5DABD1A2-7A21-443F-9ABF-AD7AD06F5C2A}.Release|x86.ActiveCfg = Release|Win32
		{5DABD1A2-7A21-443F-9ABF-AD7AD06F5C2A}.Release|x86.Build.0 = Release|Win32
		{F07D1E47-6054-4A4B-AF0F-D60E43C75C20}.Debug|x64.ActiveCfg = Debug|x64
		{F07D1E47-6054-4A4B-AF0F-D60E43C75C20}.Debug|x64.Build.0 = Debug|x64
		{F07D1E47-6054-4A4B-AF0F-D60E43C75C20}.Debug|x86.ActiveCfg = Debug|Win32
		{F07D1E47-6054-4A4B-AF0F-D60E43C75C20}.Debug|x86.Build.0 = Debug|Win32
		{F07D1E47-6054-4A4B-AF0F-D60E43C75C20}.Release|x64.ActiveCfg = Release|x64
		{F07D1E47-6054-4A4B-AF0F-D60E43C75C20}.Release|x64.Build.0 = Release|x64
		{F07D1E47-6054-4A4B-AF0F-D60E43C75C20}.Release|x86.ActiveCfg = Release|Win32
		{F07D1E47-6054-4A4B-AF0F-D60E43C75C20}.Release|x86.Build.0 = Release|Win32
		{51096726-8F54-4BD9-83E2-827AB5063504}.Debug|x64.ActiveCfg = Debug|x64
		{51096726-8F54-4BD9-83E2-827AB5063504}.Debug|x64.Build.0 = Debug|x64
		{51096726-8F54-4BD9-83E2-827AB5063504}.Debug|x86.ActiveCfg = Debug|Win32
		{51096726-8F54-4BD9-83E2-827AB5063504}.Debug|x86.Build.0 = Debug|Win32
		{51096726-8F54-4BD9-83E2-827AB5063504}.Release|x64.ActiveCfg = Release|x64
		{51096726-8F54-4BD9-83E2-827AB5063504}.Release|x64.Build.0 = Release|x64
		{51096726-8F54-4BD9-83E2-827AB5063504}.Release|x86.ActiveCfg = Release|Win32
		{51096726-8F54-4BD9-83E2-827AB5063504}.Release|x86.Build.0 = Release|Win32
		{2DF8579D-377B-4A01-8862-4E33E97B4569}.Debug|x64.ActiveCfg = Debug|x64
		{2DF8579D-377B-4A01-8862-4E33E97B4569}.Debug|x64.Build.0 = Debug|x64
		{2DF8579D-377B-4A01-8862-4E33E97B4569}.Debug|x86.ActiveCfg = Debug|Win32
		{2DF8579D-377B-4A01-8862-4E33E97B4569}.Debug|x86.Build.0 = Debug|Win32
		{2DF8579D-377B-4A01-8862-4E33E97B4569}.Release|x64.ActiveCfg = Release|x64
		{2DF8579D-377B-4A01-8862-4E33E97B4569}.Release|x64.Build.0 = Release|x64
		{2DF8579D-377B-4A01-8862-4E33E97B4569}.Release|x86.ActiveCfg = Release|Win32
		{2DF8579D-377B-4A01-8862-4E33E97B4569}.Release|x86.Build.0 = Release|Win32
		{9B051F00-D586-4FE2-95FF-16DCD159EEC4}.Debug|x64.ActiveCfg = Debug|x64
		{9B051F00-D586-4FE2-95FF-16DCD159EEC4}.Debug|x64.Build.0 = Debug|x64
		{9B051F00-D586-4FE2-95FF-16DCD159EEC4}.Debug|x86.ActiveCfg = Debug|Win32
		{9B051F00-D586-4FE2-95FF-16DCD159EEC4}.Debug|x86.Build.0 = Debug|Win32
		{9B051F00-D586-4FE2-95FF-16DCD159EEC4}.Release|x64.ActiveCfg = Release|x64
		{9B051F00-D586-4FE2-95FF-16DCD159EEC4}.Release|x64.Build.0 = Release|x64
		{9B051F00-D586-4FE2-95FF-16DCD159EEC4}.Release|x86.ActiveCfg = Release|Win32
		{9B051F00-D586-4FE2-95FF-16DCD159EEC4}.Release|x86.Build.0 = Release|Win32
		{D610D842-8EDE-45C4-BCAE-E9B029AD96CC}.Debug|x64.ActiveCfg = Debug|x64
		{D610D842-8EDE-45C4-BCAE-E9B029AD96CC}.Debug|x64.Build.0 = Debug|x64
		{D610D842-8EDE-45C4-BCAE-E9B029AD96CC}.Debug|x86.ActiveCfg = Debug|Win32
		{D610D842-8EDE-45C4-BCAE-E9B029AD96CC}.Debug|x86.Build.0 = Debug|Win32
		{D610D842-8EDE-45C4-BCAE-E9B029AD96CC}.Release|x64.ActiveCfg = Release|x64
		{D610D842-8EDE-45C4-BCAE-E9B029AD96CC}.Release|x64.Build.0 = Release|x64
		{D610D842-8EDE-45C4-BCAE-E9B029AD96CC}.Release|x86.ActiveCfg = Release|Win32
		{D610D842-8EDE-45C4-BCAE-E9B029AD96CC}.Release|x86.Build.0 = Release|Win32
		{04220F6D-4643-48F5-9293-0D535A32B26B}.Debug|x64.ActiveCfg = Debug|x64
		{04220F6D-4643-48F5-9293-0D535A32B26B}.Debug|x64.Build.0 = Debug|x64
		{04220F6D-4643-48F5-9293-0D535A32B26B}.Debug|x86.ActiveCfg = Debug|Win32
		{04220F6D-4643-48F5-9293-0D535A32B26B}.Debug|x86.Build.0 = Debug|Win32
		{04220F6D-4643-48F5-9293-0D535A32B26B}.Release|x64.ActiveCfg = Release|x64
		{04220F6D-4643-48F5-9293-0D535A32B26B}.Release|x64.Build.0 = Release|x64
		{04220F6D-4643-48F5-9293-0D535A32B26B}.Release|x86.ActiveCfg = Release|Win32
		{04220F6D-4643-48F5-9293-0D535A32B26B}.Release|x86.Build.0 = Release|Win32
		{2E2A12FB-FCF7-4ECE-A57D-A857111FAE85}.Debug|x64.ActiveCfg = Debug|x64
		{2E2A12FB-FCF7-4ECE-A57D-A857111FAE85}.Debug|x64.Build.0 = Debug|x64
		{2E2A12FB-FCF7-4ECE-A57D-A857111FAE85}.Debug|x86.ActiveCfg = Debug|Win32
		{2E2A12FB-FCF7-4ECE-A57D-A857111FAE85}.Debug|x86.Build.0 = Debug|Win32
		{2E2A12FB-FCF7-4ECE-A57D-A857111FAE85}.Release|x64.ActiveCfg = Release|x64
		{2E2A12FB-FCF7-4ECE-A57D-A857111FAE85}.Release|x64.Build.0 = Release|x64
		{2E2A12FB-FCF7-4ECE-A57D-A857111FAE85}.Release|x86.ActiveCfg = Release|Win32
		{2E2A12FB-FCF7-4ECE-A57D-A857111FAE85}.Release|x86.Build.0 = Release|Win32
		{9178F769-92BA-4B48-9C85-973A0C7D61FD}.Debug|x64.ActiveCfg = Debug|x64
		{9178F769-92BA-4B48-9C85-973A0C7D61FD}.Debug|x64.Build.0 = Debug|x64
		{9178F769-92BA-4B48-9C85-973A0C7D61FD}.Debug|x86.ActiveCfg = Debug|Win32
		{9178F769-92BA-4B48-9C85-973A0C7D61FD}.Debug|x86.Build.0 = Debug|Win32
		{9178F769-92BA-4B48-9C85-973A0C7D61FD}.Release|x64.ActiveCfg = Release|x64
		{9178F769-92BA-4B48-9C85-973A0C7D61FD}.Release|x64.Build.0 = Release|x64
		{9178F769-92BA-4B48-9C85-973A0C7D61FD}.Release|x86.ActiveCfg = Release|Win32
		{9178F769-92BA-4B48-9C85-973A0C7D61FD}.Release|x86.Build.0 = Release|Win32
		{54BDA9AB-553E-4DA7-BA6A-2C3103C229C0}.Debug|x64.ActiveCfg = Debug|x64
		{54BDA9AB-553E-4DA7-BA6A-2C3103C229C0}.Debug|x64.Build.0 = Debug|x64
		{54BDA9AB-553E-4DA7-BA6A-2C3103C229C0}.Debug|x86.ActiveCfg = Debug|Win32
		{54BDA9AB-553E-4DA7-BA6A-2C3103C229C0}.Debug|x86.Build.0 = Debug|Win32
		{54BDA9AB-553E-4DA7-BA6A-2C3103C229C0}.Release|x64.ActiveCfg = Release|x64
		{54BDA9AB-553E-4DA7-BA6A-2C3103C229C0}.Release|x64.Build.0 = Release|x64
		{54BDA9AB-553E-4DA7-BA6A-2C3103C229C0}.Release|x86.ActiveCfg = Release|Win32
		{54BDA9AB-553E-4DA7-BA6A-2C3103C229C0}.Release|x86.Build.0 = Release|Win32
		{94724381-C468-4FCD-9DE0-9135DF641D4E}.Debug|x64.ActiveCfg = Debug|x64
		{94724381-C468-4FCD-9DE0-9135DF641D4E}.Debug|x64.Build.0 = Debug|x64
		{94724381-C468-4FCD-9DE0-9135DF641D4E}.Debug|x86.ActiveCfg = Debug|Win32
		{94724381-C468-4FCD-9DE0-9135DF641D4E}.Debug|x86.Build.0 = Debug|Win32
		{94724381-C468-4FCD-9DE0-9135DF641D4E}.Release|x64.ActiveCfg = Release|x64
		{94724381-C468-4FCD-9DE0-9135DF641D4E}.Release|x64.Build.0 = Release|x64
		{94724381-C468-4FCD-9DE0-9135DF641D4E}.Release|x86.ActiveCfg = Release|Win32
		{94724381-C468-4FCD-9DE0-9135DF641D4E}.Release|x86.Build.0 = Release|Win32
		{E35777E1-2CDB-43AF-B92B-2C444AAAC3B6}.Debug|x64.ActiveCfg = Debug|x64
		{E35777E1-2CDB-43AF-B92B-2C444AAAC3B6}.Debug|x64.Build.0 = Debug|x64
		{E35777E1-2CDB-43AF-B92B-2C444AAAC3B6}.Debug|x86.ActiveCfg = Debug|Win32
		{E35777E1-2CDB-43AF-B92B-2C444AAAC3B6}.Debug|x86.Build.0 = Debug|Win32
		{E35777E1-2CDB-43AF-B92B-2C444AAAC3B6}.Release|x64.ActiveCfg = Release|x64
		{E35777E1-2CDB-43AF-B92B-2C444AAAC3B6}.Release|x64.Build.0 = Release|x64
		{E35777E1-2CDB-43AF-B92B-2C444AAAC3B6}.Release|x86.ActiveCfg = Release|Win32
		{E35777E1-2CDB-43AF-B92B-2C444AAAC3B6}.Release|x86.Build.0 = Release|Win32
		{8ABBF24A-9CA4-49E3-90C5-5A715A66B2DD}.Debug|x64.ActiveCfg = Debug|x64
		{8ABBF24A-9CA4-49E3-90C5-5A715A66B2DD}.Debug|x64.Build.0 = Debug|x64
		{8ABBF24A-9CA4-49E3-90C5-5A715A66B2DD}.Debug|x86.ActiveCfg = Debug|Win32
		{8ABBF24A-9CA4-49E3-90C5-5A715A66B2DD}.Debug|x86.Build.0 = Debug|Win32
		{8ABBF24A-9CA4-49E3-90C5-5A715A66B2DD}.Release|x64.ActiveCfg = Release|x64
		{8ABBF24A-9CA4-49E3-90C5-5A715A66B2DD}.Release|x64.Build.0 = Release|x64
		{8ABBF24A-9CA4-49E3-90C5-5A715A66B2DD}.Release|x86.ActiveCfg = Release|Win32
		{8ABBF24A-9CA4-49E3-90C5-5A715A66B2DD}.Release|x86.Build.0 = Release|Win32
		{7BE040ED-23B2-4D53-A5CA-218B99E0C82A}.Debug|x64.ActiveCfg = Debug|x64
		{7BE040ED-23B2-4D53-A5CA-218B99E0C82A}.Debug|x64.Build.0 = Debug|x64
		{7BE040ED-23B2-4D53-A5CA-218B99E0C82A}.Debug|x86.ActiveCfg = Debug|Win32
		{7BE040ED-23B2-4D53-A5CA-218B99E0C82A}.Debug|x86.Build.0 = Debug|Win32
		{7BE040ED-23B2-4D53-A5CA-218B99E0C82A}.Release|x64.ActiveCfg = Release|x64
		{7BE040ED-23B2-4D53-A5CA-218B99E0C82A}.Release|x64.Build.0 = Release|x64
		{7BE040ED-23B2-4D53-A5CA-218B99E0C82A}.Release|x86.ActiveCfg = Release|Win32
		{7BE040ED-23B2-4D53-A5CA-218B99E0C82A}.Release|x86.Build.0 = Release|Win32
		{FB156A26-7032-405D-956D-9F742E0EFF57}.Debug|x64.ActiveCfg = Debug|x64
		{FB156A26-7032-405D-956D-9F742E0EFF57}.Debug|x64.Build.0 = Debug|x64
		{FB156A26-7032-405D-956D-9F742E0EFF57}.Debug|x86.ActiveCfg = Debug|Win32
		{FB156A26-7032-405D-956D-9F742E0EFF57}.Debug|x86.Build.0 = Debug|Win32
		{FB156A26-7032-405D-956D-9F742E0EFF57}.Release|x64.ActiveCfg = Release|x64
		{FB156A26-7032-405D-956D-9F742E0EFF57}.Release|x64.Build.0 = Release|x64
		{FB156A26-7032-405D-956D-9F742E0EFF57}.Release|x86.ActiveCfg = Release|Win32
		{FB156A26-7032-405D-956D-9F742E0EFF57}.Release|x86.Build.0 = Release|Win32
		{E98AE27D-CADB-4645-8BA9-C78B1DB87691}.Debug|x64.ActiveCfg = Debug|x64
		{E98AE27D-CADB-4645-8BA9-C78B1DB87691}.Debug|x64.Build.0 = Debug|x64
		{E98AE27D-CADB-4645-8BA9-C78B1DB87691}.Debug|x86.ActiveCfg = Debug|Win32
		{E98AE27D-CADB-4645-8BA9-C78B1DB87691}.Debug|x86.Build.0 = Debug|Win32
		{E98AE27D-CADB-4645-8BA9-C78B1DB87691}.Release|x64.ActiveCfg = Release|x64
		{E98AE27D-CADB-4645-8BA9-C78B1DB87691}.Release|x64.Build.0 = Release|x64
		{E98AE27D-CADB-4645-8BA9-C78B1DB87691}.Release|x86.ActiveCfg = Release|Win32
		{E98AE27D-CADB-4645-8BA9-C78B1DB87691}.Release|x86.Build.0 = Release|Win32
		{B5E117CE-8F2D-4D18-BBB3-59DCAB7564DA}.Debug|x64.ActiveCfg = Debug|x64
		{B5E117CE-8F2D-4D18-BBB3-59DCAB7564DA}.Debug|x64.Build.0 = Debug|x64
		{B5E117CE-8F2D-4D18-BBB3-59DCAB7564DA}.Debug|x86.ActiveCfg = Debug|Win32
		{B5E117CE-8F2D-4D18-BBB3-59DCAB7564DA}.Debug|x86.Build.0 = Debug|Win32
		{B5E117CE-8F2D-4D18-BBB3-59DCAB7564DA}.Release|x64.ActiveCfg = Release|x64
		{B5E117CE-8F2D-4D18-BBB3-59DCAB7564DA}.Release|x64.Build.0 = Release|x64
		{B5E117CE-8F2D-4D18-BBB3-59DCAB7564DA}.Release|x86.ActiveCfg = Release|Win32
		{B5E117CE-8F2D-4D18-BBB3-59DCAB7564DA}.Release|x86.Build.0 = Release|Win32
		{57E429FE-4921-4087-8860-C874352BB914}.Debug|x64.ActiveCfg = Debug|x64
		{57E429FE-4921-4087-8860-C874352BB914}.Debug|x64.Build.0 = Debug|x64
		{57E429FE-4921-4087-8860-C874352BB914}.Debug|x86.ActiveCfg = Debug|Win32
		{57E429FE-4921-4087-8860-C874352BB914}.Debug|x86.Build.0 = Debug|Win32
		{57E429FE-4921-4087-8860-C874352BB914}.Release|x64.ActiveCfg = Release|x64
		{57E429FE-4921-4087-8860-C874352BB914}.Release|x64.Build.0 = Release|x64
		{57E429FE-4921-4087-8860-C874352BB914}.Release|x86.ActiveCfg = Release|Win32
		{57E429FE-4921-4087-8860-C874352BB914}.Release|x86.Build.0 = Release|Win32
		{9F22251F-4501-4158-A4C4-0DAACCD74650}.Debug|x64.ActiveCfg = Debug|x64
		{9F22251F-4501-4158-A4C4-0DAACCD74650}.Debug|x64.Build.0 = Debug|x64
		{9F22251F-4501-4158-A4C4-0DAACCD74650}.Debug|x86.ActiveCfg = Debug|Win32
		{9F22251F-4501-4158-A4C4-0DAACCD74650}.Debug|x86.Build.0 = Debug|Win32
		{9F22251F-4501-4158-A4C4-0DAACCD74650}.Release|x64.ActiveCfg = Release|x64
		{9F22251F-4501-4158-A4C4-0DAACCD74650}.Release|x64.Build.0 = Release|x64
		{9F22251F-4501-4158-A4C4-0DAACCD74650}.Release|x86.ActiveCfg = Release|Win32
		{9F22251F-4501-4158-A4C4-0DAACCD74650}.Release|x86.Build.0 = Release|Win32
		{8006D6B9-19A5-4464-BEE5-027593045ACF}.Debug|x64.ActiveCfg = Debug|x64
		{8006D6B9-19A5-4464-BEE5-027593045ACF}.Debug|x64.Build.0 = Debug|x64
		{8006D6B9-19A5-4464-BEE5-027593045ACF}.Debug|x86.ActiveCfg = Debug|Win32
		{8006D6B9-19A5-4464-BEE5-027593045ACF}.Debug|x86.Build.0 = Debug|Win32
		{8006D6B9-19A5-4464-BEE5-027593045ACF}.Release|x64.ActiveCfg = Release|x64
		{8006D6B9-19A5-4464-BEE5-027593045ACF}.Release|x64.Build.0 = Release|x64
		{8006D6B9-19A5-4464-BEE5-027593045ACF}.Release|x86.ActiveCfg = Release|Win32
		{8006D6B9-19A5-4464-BEE5-027593045ACF}.Release|x86.Build.0 = Release|Win32
		{EE53F2FE-AA63-48F1-A25D-2ACBC9860AB5}.Debug|x64.ActiveCfg = Debug|x64
		{EE53F2FE-AA63-48F1-A25D-2ACBC9860AB5}.Debug|x64.Build.0 = Debug|x64
		{EE53F2FE-AA63-48F1-A25D-2ACBC9860AB5}.Debug|x86.ActiveCfg = Debug|Win32
		{EE53F2FE-AA63-48F1-A25D-2ACBC9860AB5}.Debug|x86.Build.0 = Debug|Win32
		{EE53F2FE-AA63-48F1-A25D-2ACBC9860AB5}.Release|x64.ActiveCfg = Release|x64
		{EE53F2FE-AA63-48F1-A25D-2ACBC9860AB5}.Release|x64.Build.0 = Release|x64
		{EE53F2FE-AA63-48F1-A25D-2ACBC9860AB5}.Release|x86.ActiveCfg = Release|Win32
		{EE53F2FE-AA63-48F1-A25D-2ACBC9860AB5}.Release|x86.Build.0 = Release|Win32
		{E13D04AC-6455-4553-85FA-86D436E46EDC}.Debug|x64.ActiveCfg = Debug|x64
		{E13D04AC-6455-4553-85FA-86D436E46EDC}.Debug|x64.Build.0 = Debug|x64
		{E13D04AC-6455-4553-85FA-86D436E46EDC}.Debug|x86.ActiveCfg = Debug|Win32
		{E13D04AC-6455-4553-85FA-86D436E46EDC}.Debug|x86.Build.0 = Debug|Win32
		{E13D04AC-6455-4553-85FA-86D436E46EDC}.Release|x64.ActiveCfg = Release|x64
		{E13D04AC-6455-4553-85FA-86D436E46EDC}.Release|x64.Build.0 = Release|x64
		{E13D04AC-6455-4553-85FA-86D436E46EDC}.Release|x86.ActiveCfg = Release|Win32
		{E13D04AC-6455-4553-85FA-86D436E46EDC}.Release|x86.Build.0 = Release|Win32
		{594F13EE-F974-4F10-9BFC-FB5110E0E0BC}.Debug|x64.ActiveCfg = Debug|x64
		{594F13EE-F974-4F10-9BFC-FB5110E0E0BC}.Debug|x64.Build.0 = Debug|x64
		{594F13EE-F974-4F10-9BFC-FB5110E0E0BC}.Debug|x86.ActiveCfg = Debug|Win32
		{594F13EE-F974-4F10-9BFC-FB5110E0E0BC}.Debug|x86.Build.0 = Debug|Win32
		{594F13EE-F974-4F10-9BFC-FB5110E0E0BC}.Release|x64.ActiveCfg = Release|x64
		{594F13EE-F974-4F10-9BFC-FB5110E0E0BC}.Release|x64.Build.0 = Release|x64
		{594F13EE-F974-4F10-9BFC-FB5110E0E0BC}.Release|x86.ActiveCfg = Release|Win32
		{594F13EE-F974-4F10-9BFC-FB5110E0E0BC}.Release|x86.Build.0 = Release|Win32
		{15C15910-ACE0-4531-9B3A-9AC5A30C718B}.Debug|x64.ActiveCfg = Debug|x64
		{15C15910-ACE0-4531-9B3A-9AC5A30C718B}.Debug|x64.Build.0 = Debug|x64
		{15C15910-ACE0-4531-9B3A-9AC5A30C718B}.Debug|x86.ActiveCfg = Debug|Win32
		{15C15910-ACE0-4531-9B3A-9AC5A30C718B}.Debug|x86.Build.0 = Debug|Win32
		{15C15910-ACE0-4531-9B3A-9AC5A30C718B}.Release|x64.ActiveCfg = Release|x64
		{15C15910-ACE0-4531-9B3A-9AC5A30C718B}.Release|x64.Build.0 = Release|x64
		{15C15910-ACE0-4531-9B3A-9AC5A30C718B}.Release|x86.ActiveCfg = Release|Win32
		{15C15910-ACE0-4531-9B3A-9AC5A30C718B}.Release|x86.Build.0 = Release|Win32
		{AFDD926F-BD3A-4D28-A123-70AE8E9C8B9C}.Debug|x64.ActiveCfg = Debug|x64
		{AFDD926F-BD3A-4D28-A123-70AE8E9C8B9C}.Debug|x64.Build.0 = Debug|x64
		{AFDD926F-BD3A-4D28-A123-70AE8E9C8B9C}.Debug|x86.ActiveCfg = Debug|Win32
		{AFDD926F-BD3A-4D28-A123-70AE8E9C8B9C}.Debug|x86.Build.0 = Debug|Win32
		{AFDD926F-BD3A-4D28-A123-70AE8E9C8B9C}.Release|x64.ActiveCfg = Release|x64
		{AFDD926F-BD3A-4D28-A123-70AE8E9C8B9C}.Release|x64.Build.0 = Release|x64
		{AFDD926F-BD3A-4D28-A123-70AE8E9C8B9C}.Release|x86.ActiveCfg = Release|Win32
		{AFDD926F-BD3A-4D28-A123-70AE8E9C8B9C}.Release|x86.Build.0 = Release|Win32
		{B7B615E3-E0CB-463E-AFCD-EFA5D76906A9}.Debug|x64.ActiveCfg = Debug|x64
		{B7B615E3-E0CB-463E-AFCD-EFA5D76906A9}.Debug|x64.Build.0 = Debug|x64
		{B7B615E3-E0CB-463E-AFCD-EFA5D76906A9}.Debug|x86.ActiveCfg = Debug|Win32
		{B7B615E3-E0CB-463E-AFCD-EFA5D76906A9}.Debug|x86.Build.0 = Debug|Win32
		{B7B615E3-E0CB-463E-AFCD-EFA5D76906A9}.Release|x64.ActiveCfg = Release|x64
		{B7B615E3-E0CB-463E-AFCD-EFA5D76906A9}.Release|x64.Build.0 = Release|x64
		{B7B615E3-E0CB-463E-AFCD-EFA5D76906A9}.Release|x86.ActiveCfg = Release|Win32
		{B7B615E3-E0CB-463E-AFCD-EFA5D76906A9}.Release|x86.Build.0 = Release|Win32
		{0F93FFF0-39E5-47C7-98A1-446A46772883}.Debug|x64.ActiveCfg = Debug|x64
		{0F93FFF0-39E5-47C7-98A1-446A46772883}.Debug|x64.Build.0 = Debug|x64
		{0F93FFF0-39E5-47C7-98A1-446A46772883}.Debug|x86.ActiveCfg = Debug|Win32
		{0F93FFF0-39E5-47C7-98A1-446A46772883}.Debug|x86.Build.0 = Debug|Win32
		{0F93FFF0-39E5-47C7-98A1-446A46772883}.Release|x64.ActiveCfg = Release|x64
		{0F93FFF0-39E5-47C7-98A1-446A46772883}.Release|x64.Build.0 = Release|x64
		{0F93FFF0-39E5-47C7-98A1-446A46772883}.Release|x86.ActiveCfg = Release|Win32
		{0F93FFF0-39E5-47C7-98A1-446A46772883}.Release|x86.Build.0 = Release|Win32
		{70B9FBF1-6014-480D-8C8E-CB40CDC1F047}.Debug|x64.ActiveCfg = Debug|x64
		{70B9FBF1-6014-480D-8C8E-CB40CDC1F047}.Debug|x64.Build.0 = Debug|x64
		{70B9FBF1-6014-480D-8C8E-CB40CDC1F047}.Debug|x86.ActiveCfg = Debug|Win32
		{70B9FBF1-6014-480D-8C8E-CB40CDC1F047}.Debug|x86.Build.0 = Debug|Win32
		{70B9FBF1-6014-480D-8C8E-CB40CDC1F047}.Release|x64.ActiveCfg = Release|x64
		{70B9FBF1-6014-480D-8C8E-CB40CDC1F047}.Release|x64.Build.0 = Release|x64
		{70B9FBF1-6014-480D-8C8E-CB40CDC1F047}.Release|x86.ActiveCfg = Release|Win32
		{70B9FBF1-6014-480D-8C8E-CB40CDC1F047}.Release|x86.Build.0 = Release|Win32
		{3EA8F29E-30DE-4CA8-B529-0038ACE37EB1}.Debug|x64.ActiveCfg = Debug|x64
		{3EA8F29E-30DE-4CA8-B529-0038ACE37EB1}.Debug|x64.Build.0 = Debug|x64
		{3EA8F29E-30DE-4CA8-B529-0038ACE37EB1}.Debug|x86.ActiveCfg = Debug|Win32
		{3EA8F29E-30DE-4CA8-B529-0038ACE37EB1}.Debug|x86.Build.0 = Debug|Win32
		{3EA8F29E-30DE-4CA8-B529-0038ACE37EB1}.Release|x64.ActiveCfg = Release|x64
		{3EA8F29E-30DE-4CA8-B529-0038ACE37EB1}.Release|x64.Build.0 = Release|x64
		{3EA8F29E-30DE-4CA8-B529-0038ACE37EB1}.Release|x86.ActiveCfg = Release|Win32
		{3EA8F29E-30DE-4CA8-B529-0038ACE37EB1}.Release|x86.Build.0 = Release|Win32
		{BC65FCE2-ED64-42A9-9E03-22538A023302}.Debug|x64.ActiveCfg = Debug|x64
		{BC65FCE2-ED64-42A9-9E03-22538A023302}.Debug|x64.Build.0 = Debug|x64
		{BC65FCE2-ED64-42A9-9E03-22538A023302}.Debug|x86.ActiveCfg = Debug|Win32
		{BC65FCE2-ED64-42A9-9E03-22538A023302}.Debug|x86.Build.0 = Debug|Win32
		{BC65FCE2-ED64-42A9-9E03-22538A023302}.Release|x64.ActiveCfg = Release|x64
		{BC65FCE2-ED64-42A9-9E03-22538A023302}.Release|x64.Build.0 = Release|x64
		{BC65FCE2-ED64-42A9-9E03-22538A023302}.Release|x86.ActiveCfg = Release|Win32
		{BC65FCE2-ED64-42A9-9E03-22538A023302}.Release|x86.Build.0 = Release|Win32
		{911AA21F-08BA-425D-B7A9-440946003F3A}.Debug|x64.ActiveCfg = Debug|x64
		{911AA21F-08BA-425D-B7A9-440946003F3A}.Debug|x64.Build.0 = Debug|x64
		{911AA21F-08BA-425D-B7A9-440946003F3A}.Debug|x86.ActiveCfg = Debug|Win32
		{911AA21F-08BA-425D-B7A9-440946003F3A}.Debug|x86.Build.0 = Debug|Win32
		{911AA21F-08BA-425D-B7A9-440946003F3A}.Release|x64.ActiveCfg = Release|x64
		{911AA21F-08BA-425D-B7A9-440946003F3A}.Release|x64.Build.0 = Release|x64
		{911AA21F-08BA-425D-B7A9-440946003F3A}.Release|x86.ActiveCfg = Release|Win32
		{911AA21F-08BA-425D-B7A9-440946003F3A}.Release|x86.Build.0 = Release|Win32
		{341BB83F-B303-4D90-AF7B-8A3F9BB8CA95}.Debug|x64.ActiveCfg = Debug|x64
		{341BB83F-B303-4D90-AF7B-8A3F9BB8CA95}.Debug|x64.Build.0 = Debug|x64
		{341BB83F-B303-4D90-AF7B-8A3F9BB8CA95}.Debug|x86.ActiveCfg = Debug|Win32
		{341BB83F-B303-4D90-AF7B-8A3F9BB8CA95}.Debug|x86.Build.0 = Debug|Win32
		{341BB83F-B303-4D90-AF7B-8A3F9BB8CA95}.Release|x64.ActiveCfg = Release|x64
		{341BB83F-B303-4D90-AF7B-8A3F9BB8CA95}.Release|x64.Build.0 = Release|x64
		{341BB83F-B303-4D90-AF7B-8A3F9BB8CA95}.Release|x86.ActiveCfg = Release|Win32
		{341BB83F-B303-4D90-AF7B-8A3F9BB8CA95}.Release|x86.Build.0 = Release|Win32
		{3289E666-8587-4606-B758-C6CF56DABF46}.Debug|x64.ActiveCfg = Debug|x64
		{3289E666-8587-4606-B758-C6CF56DABF46}.Debug|x64.Build.0 = Debug|x64
		{3289E666-8587-4606-B758-C6CF56DABF46}.Debug|x86.ActiveCfg = Debug|Win32
		{3289E666-8587-4606-B758-C6CF56DABF46}.Debug|x86.Build.0 = Debug|Win32
		{3289E666-8587-4606-B758-C6CF56DABF46}.Release|x64.ActiveCfg = Release|x64
		{3289E666-8587-4606-B758-C6CF56DABF46}.Release|x64.Build.0 = Release|x64
		{3289E666-8587-4606-B758-C6CF56DABF46}.Release|x86.ActiveCfg = Release|Win32
		{3289E666-8587-4606-B758-C6CF56DABF46}.Release|x86.Build.0 = Release|Win32
		{B498C707-ED4E-41D9-8F9C-51F1212C7E5E}.Debug|x64.ActiveCfg = Debug|x64
		{B498C707-ED4E-41D9-8F9C-51F1212C7E5E}.Debug|x64.Build.0 = Debug|x64
		{B498C707-ED4E-41D9-8F9C-51F1212C7E5E}.Debug|x86.ActiveCfg = Debug|Win32
		{B498C707-ED4E-41D9-8F9C-51F1212C7E5E}.Debug|x86.Build.0 = Debug|Win32
		{B498C707-ED4E-41D9-8F9C-51F1212C7E5E}.Release|x64.ActiveCfg = Release|x64
		{B498C707-ED4E-41D9-8F9C-51F1212C7E5E}.Release|x64.Build.0 = Release|x64
		{B498C707-ED4E-41D9-8F9C-51F1212C7E5E}.Release|x86.ActiveCfg = Release|Win32
		{B498C707-ED4E-41D9-8F9C-51F1212C7E5E}.Release|x86.Build.0 = Release|Win32
		{7C11D205-7F56-4AEF-BB77-99CB70DE9A63}.Debug|x64.ActiveCfg = Debug|x64
		{7C11D205-7F56-4AEF-BB77-99CB70DE9A63}.Debug|x64.Build.0 = Debug|x64
		{7C11D205-7F56-4AEF-BB77-99CB70DE9A63}.Debug|x86.ActiveCfg = Debug|Win32
		{7C11D205-7F56-4AEF-BB77-99CB70DE9A63}.Debug|x86.Build.0 = Debug|Win32
		{7C11D205-7F56-4AEF-BB77-99CB70DE9A63}.Release|x64.ActiveCfg = Release|x64
		{7C11D205-7F56-4AEF-BB77-99CB70DE9A63}.Release|x64.Build.0 = Release|x64
		{7C11D205-7F56-4AEF-BB77-99CB70DE9A63}.Release|x86.ActiveCfg = Release|Win32
		{7C11D205-7F56-4AEF-BB77-99CB70DE9A63}.Release|x86.Build.0 = Release|Win32
		{F5C2BCA4-DD5E-46DB-AC7E-57136E1E63EC}.Debug|x64.ActiveCfg = Debug|x64
		{F5C2BCA4-DD5E-46DB-AC7E-57136E1E63EC}.Debug|x64.Build.0 = Debug|x64
		{F5C2BCA4-DD5E-46DB-AC7E-57136E1E63EC}.Debug|x86.ActiveCfg = Debug|Win32
		{F5C2BCA4-DD5E-46DB-AC7E-57136E1E63EC}.Debug|x86.Build.0 = Debug|Win32
		{F5C2BCA4-DD5E-46DB-AC7E-57136E1E63EC}.Release|x64.ActiveCfg = Release|x64
		{F5C2BCA4-DD5E-46DB-AC7E-57136E1E63EC}.Release|x64.Build.0 = Release|x64
		{F5C2BCA4-DD5E-46DB-AC7E-57136E1E63EC}.Release|x86.ActiveCfg = Release|Win32
		{F5C2BCA4-DD5E-46DB-AC7E-57136E1E63EC}.Release|x86.Build.0 = Release|Win32
		{B033DC62-46AD-48DB-BDEB-0083EA6C47E6}.Debug|x64.ActiveCfg = Debug|x64
		{B033DC62-46AD-48DB-BDEB-0083EA6C47E6}.Debug|x64.Build.0 = Debug|x64
		{B033DC62-46AD-48DB-BDEB-0083EA6C47E6}.Debug|x86.ActiveCfg = Debug|Win32
		{B033DC62-46AD-48DB-BDEB-0083EA6C47E6}.Debug|x86.Build.0 = Debug|Win32
		{B033DC62-46AD-48DB-BDEB-0083EA6C47E6}.Release|x64.ActiveCfg = Release|x64
		{B033DC62-46AD-48DB-BDEB-0083EA6C47E6}.Release|x64.Build.0 = Release|x64
		{B033DC62-46AD-48DB-BDEB-0083EA6C47E6}.Release|x86.ActiveCfg = Release|Win32
		{B033DC62-46AD-48DB-BDEB-0083EA6C47E6}.Release|x86.Build.0 = Release|Win32
		{29EC82C7-ED93-47BD-9715-8AE9409CA131}.Debug|x64.ActiveCfg = Debug|x64
		{29EC82C7-ED93-47BD-9715-8AE9409CA131}.Debug|x64.Build.0 = Debug|x64
		{29EC82C7-ED93-47BD-9715-8AE9409CA131}.Debug|x86.ActiveCfg = Debug|Win32
		{29EC82C7-ED93-47BD-9715-8AE9409CA131}.Debug|x86.Build.0 = Debug|Win32
		{29EC82C7-ED93-47BD-9715-8AE9409CA131}.Release|x64.ActiveCfg = Release|x64
		{29EC82C7-ED93-47BD-9715-8AE9409CA131}.Release|x64.Build.0 = Release|x64
		{29EC82C7-ED93-47BD-9715-8AE9409CA131}.Release|x86.ActiveCfg = Release|Win32
		{29EC82C7-ED93-47BD-9715-8AE9409CA131}.Release|x86.Build.0 = Release|Win32
		{D2557A3B-1758-42DB-8B5B-63D56CB6126D}.Debug|x64.ActiveCfg = Debug|x64
		{D2557A3B-1758-42DB-8B5B-63D56CB6126D}.Debug|x64.Build.0 = Debug|x64
		{D2557A3B-1758-42DB-8B5B-63D56CB6126D}.Debug|x86.ActiveCfg = Debug|Win32
		{D2557A3B-1758-42DB-8B5B-63D56CB6126D}.Debug|x86.Build.0 = Debug|Win32
		{D2557A3B-1758-42DB-8B5B-63D56CB6126D}.Release|x64.ActiveCfg = Release|x64
		{D2557A3B-1758-42DB-8B5B-63D56CB6126D}.Release|x64.Build.0 = Release|x64
		{D2557A3B-1758-42DB-8B5B-63D56CB6126D}.Release|x86.ActiveCfg = Release|Win32
		{D2557A3B-1758-42DB-8B5B-63D56CB6126D}.Release|x86.Build.0 = Release|Win32
		{FE3CF06E-A19E-43F3-815D-2175AAC9676A}.Debug|x64.ActiveCfg = Debug|x64
		{FE3CF06E-A19E-43F3-815D-2175AAC9676A}.Debug|x64.Build.0 = Debug|x64
		{FE3CF06E-A19E-43F3-815D-2175AAC9676A}.Debug|x86.ActiveCfg = Debug|Win32
		{FE3CF06E-A19E-43F3-815D-2175AAC9676A}.Debug|x86.Build.0 = Debug|Win32
		{FE3CF06E-A19E-43F3-815D-2175AAC9676A}.Release|x64.ActiveCfg = Release|x64
		{FE3CF06E-A19E-43F3-815D-2175AAC9676A}.Release|x64.Build.0 = Release|x64
		{FE3CF06E-A19E-43F3-815D-2175AAC9676A}.Release|x86.ActiveCfg = Release|Win32
		{FE3CF06E-A19E-43F3-815D-2175AAC9676A}.Release|x86.Build.0 = Release|Win32
		{C289B3A7-B2F7-491B-9DC3-B83291F61B32}.Debug|x64.ActiveCfg = Debug|x64
		{C289B3A7-B2F7-491B-9DC3-B83291F61B32}.Debug|x64.Build.0 = Debug|x64
		{C289B3A7-B2F7-491B-9DC3-B83291F61B32}.Debug|x86.ActiveCfg = Debug|Win32
		{C289B3A7-B2F7-491B-9DC3-B83291F61B32}.Debug|x86.Build.0 = Debug|Win32
		{C289B3A7-B2F7-491B-9DC3-B83291F61B32}.Release|x64.ActiveCfg = Release|x64
		{C289B3A7-B2F7-491B-9DC3-B83291F61B32}.Release|x64.Build.0 = Release|x64
		{C289B3A7-B2F7-491B-9DC3-B83291F61B32}.Release|x86.ActiveCfg = Release|Win32
		{C289B3A7-B2F7-491B-9DC3-B83291F61B32}.Release|x86.Build.0 = Release|Win32
		{9ACC9BE8-B50C-48E0-937A-B2BF70A795D5}.Debug|x64.ActiveCfg = Debug|x64
		{9ACC9BE8-B50C-48E0-937A-B2BF70A795D5}.Debug|x64.Build.0 = Debug|x64
		{9ACC9BE8-B50C-48E0-937A-B2BF70A795D5}.Debug|x86.ActiveCfg = Debug|Win32
		{9ACC9BE8-B50C-48E0-937A-B2BF70A795D5}.Debug|x86.Build.0 = Debug|Win32
		{9ACC9BE8-B50C-48E0-937A-B2BF70A795D5}.Release|x64.ActiveCfg = Release|x64
		{9ACC9BE8-B50C-48E0-937A-B2BF70A795D5}.Release|x64.Build.0 = Release|x64
		{9ACC9BE8-B50C-48E0-937A-B2BF70A795D5}.Release|x86.ActiveCfg = Release|Win32
		{9ACC9BE8-B50C-48E0-937A-B2BF70A795D5}.Release|x86.Build.0 = Release|Win32
		{20582BD3-74CE-4EE7-B31A-9A94F975B83A}.Debug|x64.ActiveCfg = Debug|x64
		{20582BD3-74CE-4EE7-B31A-9A94F975B83A}.Debug|x64.Build.0 = Debug|x64
		{20582BD3-74CE-4EE7-B31A-9A94F975B83A}.Debug|x86.ActiveCfg = Debug|Win32
		{20582BD3-74CE-4EE7-B31A-9A94F975B83A}.Debug|x86.Build.0 = Debug|Win32
		{20582BD3-74CE-4EE7-B31A-9A94F975B83A}.Release|x64.ActiveCfg = Release|x64
		{20582BD3-74CE-4EE7-B31A-9A94F975B83A}.Release|x64.Build.0 = Release|x64
		{20582BD3-74CE-4EE7-B31A-9A94F975B83A}.Release|x86.ActiveCfg = Release|Win32
		{20582BD3-74CE-4EE7-B31A-9A94F975B83A}.Release|x86.Build.0 = Release|Win32
		{22E95048-5274-42A3-BDFE-8284DC5BD0DD}.Debug|x64.ActiveCfg = Debug|x64
		{22E95048-5274-42A3-BDFE-8284DC5BD0DD}.Debug|x64.Build.0 = Debug|x64
		{22E95048-5274-42A3-BDFE-8284DC5BD0DD}.Debug|x86.ActiveCfg = Debug|Win32
		{22E95048-5274-42A3-BDFE-8284DC5BD0DD}.Debug|x86.Build.0 = Debug|Win32
		{22E95048-5274-42A3-BDFE-8284DC5BD0DD}.Release|x64.ActiveCfg = Release|x64
		{22E95048-5274-42A3-BDFE-8284DC5BD0DD}.Release|x64.Build.0 = Release|x64
		{22E95048-5274-42A3-BDFE-8284DC5BD0DD}.Release|x86.ActiveCfg = Release|Win32
		{22E95048-5274-42A3-BDFE-8284DC5BD0DD}.Release|x86.Build.0 = Release|Win32
		{B1F8DDAB-51E1-4006-9598-798B15C371FA}.Debug|x64.ActiveCfg = Debug|x64
		{B1F8DDAB-51E1-4006-9598-798B15C371FA}.Debug|x64.Build.0 = Debug|x64
		{B1F8DDAB-51E1-4006-9598-798B15C371FA}.Debug|x86.ActiveCfg = Debug|Win32
		{B1F8DDAB-51E1-4006-9598-798B15C371FA}.Debug|x86.Build.0 = Debug|Win32
		{B1F8DDAB-51E1-4006-9598-798B15C371FA}.Release|x64.ActiveCfg = Release|x64
		{B1F8DDAB-51E1-4006-9598-798B15C371FA}.Release|x64.Build.0 = Release|x64
		{B1F8DDAB-51E1-4006-9598-798B15C371FA}.Release|x86.ActiveCfg = Release|Win32
		{B1F8DDAB-51E1-4006-9598-798B15C371FA}.Release|x86.Build.0 = Release|Win32
		{25B308BF-72FB-4D10-894A-0C2EFA10764F}.Debug|x64.ActiveCfg = Debug|x64
		{25B308BF-72FB-4D10-894A-0C2EFA10764F}.Debug|x64.Build.0 = Debug|x64
		{25B308BF-72FB-4D10-894A-0C2EFA10764F}.Debug|x86.ActiveCfg = Debug|Win32
		{25B308BF-72FB-4D10-894A-0C2EFA10764F}.Debug|x86.Build.0 = Debug|Win32
		{25B308BF-72FB-4D10-894A-0C2EFA10764F}.Release|x64.ActiveCfg = Release|x64
		{25B308BF-72FB-4D10-894A-0C2EFA10764F}.Release|x64.Build.0 = Release|x64
		{25B308BF-72FB-4D10-894A-0C2EFA10764F}.Release|x86.ActiveCfg = Release|Win32
		{25B308BF-72FB-4D10-894A-0C2EFA10764F}.Release|x86.Build.0 = Release|Win32
		{F0D94DCC-EE49-4862-B4EF-F667457936C9}.Debug|x64.ActiveCfg = Debug|x64
		{F0D94DCC-EE49-4862-B4EF-F667457936C9}.Debug|x64.Build.0 = Debug|x64
		{F0D94DCC-EE49-4862-B4EF-F667457936C9}.Debug|x86.ActiveCfg = Debug|Win32
		{F0D94DCC-EE49-4862-B4EF-F667457936C9}.Debug|x86.Build.0 = Debug|Win32
		{F0D94DCC-EE49-4862-B4EF-F667457936C9}.Release|x64.ActiveCfg = Release|x64
		{F0D94DCC-EE49-4862-B4EF-F667457936C9}.Release|x64.Build.0 = Release|x64
		{F0D94DCC-EE49-4862-B4EF-F667457936C9}.Release|x86.ActiveCfg = Release|Win32
		{F0D94DCC-EE49-4862-B4EF-F667457936C9}.Release|x86.Build.0 = Release|Win32
		{D08B03CB-33AF-45CF-AD8E-DB956050C863}.Debug|x64.ActiveCfg = Debug|x64
		{D08B03CB-33AF-45CF-AD8E-DB956050C863}.Debug|x64.Build.0 = Debug|x64
		{D08B03CB-33AF-45CF-AD8E-DB956050C863}.Debug|x86.ActiveCfg = Debug|Win32
		{D08B03CB-33AF-45CF-AD8E-DB956050C863}.Debug|x86.Build.0 = Debug|Win32
		{D08B03CB-33AF-45CF-AD8E-DB956050C863}.Release|x64.ActiveCfg = Release|x64
		{D08B03CB-33AF-45CF-AD8E-DB956050C863}.Release|x64.Build.0 = Release|x64
		{D08B03CB-33AF-45CF-AD8E-DB956050C863}.Release|x86.ActiveCfg = Release|Win32
		{D08B03CB-33AF-45CF-AD8E-DB956050C863}.Release|x86.Build.0 = Release|Win32
		{9C72CB63-3918-48EF-9AFC-FC9242E5E7FB}.Debug|x64.ActiveCfg = Debug|x64
		{9C72CB63-3918-48EF-9AFC-FC9242E5E7FB}.Debug|x64.Build.0 = Debug|x64
		{9C72CB63-3918-48EF-9AFC-FC9242E5E7FB}.Debug|x86.ActiveCfg = Debug|Win32
		{9C72CB63-3918-48EF-9AFC-FC9242E5E7FB}.Debug|x86.Build.0 = Debug|Win32
		{9C72CB63-3918-48EF-9AFC-FC9242E5E7FB}.Release|x64.ActiveCfg = Release|x64
		{9C72CB63-3918-48EF-9AFC-FC9242E5E7FB}.Release|x64.Build.0 = Release|x64
		{9C72CB63-3918-48EF-9AFC-FC9242E5E7FB}.Release|x86.ActiveCfg = Release|Win32
		{9C72CB63-3918-48EF-9AFC-FC9242E5E7FB}.Release|x86.Build.0 = Release|Win32
		{EAA6B81A-7B2F-43B5-854C-03AB25BD4F5A}.Debug|x64.ActiveCfg = Debug|x64
		{EAA6B81A-7B2F-43B5-854C-03AB25BD4F5A}.Debug|x64.Build.0 = Debug|x64
		{EAA6B81A-7B2F-43B5-854C-03AB25BD4F5A}.Debug|x86.ActiveCfg = Debug|Win32
		{EAA6B81A-7B2F-43B5-854C-03AB25BD4F5A}.Debug|x86.Build.0 = Debug|Win32
		{EAA6B81A-7B2F-43B5-854C-03AB25BD4F5A}.Release|x64.ActiveCfg = Release|x64
		{EAA6B81A-7B2F-43B5-854C-03AB25BD4F5A}.Release|x64.Build.0 = Release|x64
		{EAA6B81A-7B2F-43B5-854C-03AB25BD4F5A}.Release|x86.ActiveCfg = Release|Win32
		{EAA6B81A-7B2F-43B5-854C-03AB25BD4F5A}.Release|x86.Build.0 = Release|Win32
		{9EE07AD7-611F-4280-98EC-50635E2758A0}.Debug|x64.ActiveCfg = Debug|x64
		{9EE07AD7-611F-4280-98EC-50635E2758A0}.Debug|x64.Build.0 = Debug|x64
		{9EE07AD7-611F-4280-98EC-50635E2758A0}.Debug|x86.ActiveCfg = Debug|Win32
		{9EE07AD7-611F-4280-98EC-50635E2758A0}.Debug|x86.Build.0 = Debug|Win32
		{9EE07AD7-611F-4280-98EC-50635E2758A0}.Release|x64.ActiveCfg = Release|x64
		{9EE07AD7-611F-4280-98EC-50635E2758A0}.Release|x64.Build.0 = Release|x64
		{9EE07AD7-611F-4280-98EC-50635E2758A0}.Release|x86.ActiveCfg = Release|Win32
		{9EE07AD7-611F-4280-98EC-50635E2758A0}.Release|x86.Build.0 = Release|Win32
		{5C657F60-044B-4791-B101-16AFC2F1D192}.Debug|x64.ActiveCfg = Debug|x64
		{5C657F60-044B-4791-B101-16AFC2F1D192}.Debug|x64.Build.0 = Debug|x64
		{5C657F60-044B-4791-B101-16AFC2F1D192}.Debug|x86.ActiveCfg = Debug|Win32
		{5C657F60-044B-4791-B101-16AFC2F1D192}.Debug|x86.Build.0 = Debug|Win32
		{5C657F60-044B-4791-B101-16AFC2F1D192}.Release|x64.ActiveCfg = Release|x64
		{5C657F60-044B-4791-B101-16AFC2F1D192}.Release|x64.Build.0 = Release|x64
		{5C657F60-044B-4791-B101-16AFC2F1D192}.Release|x86.ActiveCfg = Release|Win32
		{5C657F60-044B-4791-B101-16AFC2F1D192}.Release|x86.Build.0 = Release|Win32
		{4DB55E54-28A1-48D0-9E3F-068F7A82468E}.Debug|x64.ActiveCfg = Debug|x64
		{4DB55E54-28A1-48D0-9E3F-068F7A82468E}.Debug|x64.Build.0 = Debug|x64
		{4DB55E54-28A1-48D0-9E3F-068F7A82468E}.Debug|x86.ActiveCfg = Debug|Win32
		{4DB55E54-28A1-48D0-9E3F-068F7A82468E}.Debug|x86.Build.0 = Debug|Win32
		{4DB55E54-28A1-48D0-9E3F-068F7A82468E}.Release|x64.ActiveCfg = Release|x64
		{4DB55E54-28A1-48D0-9E3F-068F7A82468E}.Release|x64.Build.0 = Release|x64
		{4DB55E54-28A1-48D0-9E3F-068F7A82468E}.Release|x86.ActiveCfg = Release|Win32
		{4DB55E54-28A1-48D0-9E3F-068F7A82468E}.Release|x86.Build.0 = Release|Win32
		{16446B90-3C3D-48A1-AFAF-1DE312CC995C}.Debug|x64.ActiveCfg = Debug|x64
		{16446B90-3C3D-48A1-AFAF-1DE312CC995C}.Debug|x64.Build.0 = Debug|x64
		{16446B90-3C3D-48A1-AFAF-1DE312CC995C}.Debug|x86.ActiveCfg = Debug|Win32
		{16446B90-3C3D-48A1-AFAF-1DE312CC995C}.Debug|x86.Build.0 = Debug|Win32
		{16446B90-3C3D-48A1-AFAF-1DE312CC995C}.Release|x64.ActiveCfg = Release|x64
		{16446B90-3C3D-48A1-AFAF-1DE312CC995C}.Release|x64.Build.0 = Release|x64
		{16446B90-3C3D-48A1-AFAF-1DE312CC995C}.Release|x86.ActiveCfg = Release|Win32
		{16446B90-3C3D-48A1-AFAF-1DE312CC995C}.Release|x86.Build.0 = Release|Win32
		{9169CE9E-79F9-4E4C-90E3-F90F99FAC8C2}.Debug|x64.ActiveCfg = Debug|x64
		{9169CE9E-79F9-4E4C-90E3-F90F99FAC8C2}.Debug|x64.Build.0 = Debug|x64
		{9169CE9E-79F9-4E4C-90E3-F90F99FAC8C2}.Debug|x86.ActiveCfg = Debug|Win32
		{9169CE9E-79F9-4E4C-90E3-F90F99FAC8C2}.Debug|x86.Build.0 = Debug|Win32
		{9169CE9E-79F9-4E4C-90E3-F90F99FAC8C2}.Release|x64.ActiveCfg = Release|x64
		{9169CE9E-79F9-4E4C-90E3-F90F99FAC8C2}.Release|x64.Build.0 = Release|x64
		{9169CE9E-79F9-4E4C-90E3-F90F99FAC8C2}.Release|x86.ActiveCfg = Release|Win32
		{9169CE9E-79F9-4E4C-90E3-F90F99FAC8C2}.Release|x86.Build.0 = Release|Win32
		{567118AB-DCCD-4251-80F1-AC74039EFFD3}.Debug|x64.ActiveCfg = Debug|x64
		{567118AB-DCCD-4251-80F1-AC74039EFFD3}.Debug|x64.Build.0 = Debug|x64
		{567118AB-DCCD-4251-80F1-AC74039EFFD3}.Debug|x86.ActiveCfg = Debug|Win32
		{567118AB-DCCD-4251-80F1-AC74039EFFD3}.Debug|x86.Build.0 = Debug|Win32
		{567118AB-DCCD-4251-80F1-AC74039EFFD3}.Release|x64.ActiveCfg = Release|x64
		{567118AB-DCCD-4251-80F1-AC74039EFFD3}.Release|x64.Build.0 = Release|x64
		{567118AB-DCCD-4251-80F1-AC74039EFFD3}.Release|x86.ActiveCfg = Release|Win32
		{567118AB-DCCD-4251-80F1-AC74039EFFD3}.Release|x86.Build.0 = Release|Win32
		{6D4B42C6-605E-4C7F-84D6-1C8409D3DAC1}.Debug|x64.ActiveCfg = Debug|x64
		{6D4B42C6-605E-4C7F-84D6-1C8409D3DAC1}.Debug|x64.Build.0 = Debug|x64
		{6D4B42C6-605E-4C7F-84D6-1C8409D3DAC1}.Debug|x86.ActiveCfg = Debug|Win32
		{6D4B42C6-605E-4C7F-84D6-1C8409D3DAC1}.Debug|x86.Build.0 = Debug|Win32
		{6D4B42C6-605E-4C7F-84D6-1C8409D3DAC1}.Release|x64.ActiveCfg = Release|x64
		{6D4B42C6-605E-4C7F-84D6-1C8409D3DAC1}.Release|x64.Build.0 = Release|x64
		{6D4B42C6-605E-4C7F-84D6-1C8409D3DAC1}.Release|x86.ActiveCfg = Release|Win32
		{6D4B42C6-605E-4C7F-84D6-1C8409D3DAC1}.Release|x86.Build.0 = Release|Win32
		{C2930079-4106-42A5-A256-05C99D342F4F}.Debug|x64.ActiveCfg = Debug|x64
		{C2930079-4106-42A5-A256-05C99D342F4F}.Debug|x64.Build.0 = Debug|x64
		{C2930079-4106-42A5-A256-05C99D342F4F}.Debug|x86.ActiveCfg = Debug|Win32
		{C2930079-4106-42A5-A256-05C99D342F4F}.Debug|x86.Build.0 = Debug|Win32
		{C2930079-4106-42A5-A256-05C99D342F4F}.Release|x64.ActiveCfg = Release|x64
		{C2930079-4106-42A5-A256-05C99D342F4F}.Release|x64.Build.0 = Release|x64
		{C2930079-4106-42A5-A256-05C99D342F4F}.Release|x86.ActiveCfg = Release|Win32
		{C2930079-4106-42A5-A256-05C99D342F4F}.Release|x86.Build.0 = Release|Win32
		{A12C81FC-E9AF-4BB9-8BD0-051698EA1510}.Debug|x64.ActiveCfg = Debug|x64
		{A12C81FC-E9AF-4BB9-8BD0-051698EA1510}.Debug|x64.Build.0 = Debug|x64
		{A12C81FC-E9AF-4BB9-8BD0-051698EA1510}.Debug|x86.ActiveCfg = Debug|Win32
		{A12C81FC-E9AF-4BB9-8BD0-051698EA1510}.Debug|x86.Build.0 = Debug|Win32
		{A12C81FC-E9AF-4BB9-8BD0-051698EA1510}.Release|x64.ActiveCfg = Release|x64
		{A12C81FC-E9AF-4BB9-8BD0-051698EA1510}.Release|x64.Build.0 = Release|x64
		{A12C81FC-E9AF-4BB9-8BD0-051698EA1510}.Release|x86.ActiveCfg = Release|Win32
		{A12C81FC-E9AF-4BB9-8BD0-051698EA1510}.Release|x86.Build.0 = Release|Win32
		{897D1A8B-2AC0-411C-8CEE-E98A7A5AC541}.Debug|x64.ActiveCfg = Debug|x64
		{897D1A8B-2AC0-411C-8CEE-E98A7A5AC541}.Debug|x64.Build.0 = Debug|x64
		{897D1A8B-2AC0-411C-8CEE-E98A7A5AC541}.Debug|x86.ActiveCfg = Debug|Win32
		{897D1A8B-2AC0-411C-8CEE-E98A7A5AC541}.Debug|x86.Build.0 = Debug|Win32
		{897D1A8B-2AC0-411C-8CEE-E98A7A5AC541}.Release|x64.ActiveCfg = Release|x64
		{897D1A8B-2AC0-411C-8CEE-E98A7A5AC541}.Release|x64.Build.0 = Release|x64
		{897D1A8B-2AC0-411C-8CEE-E98A7A5AC541}.Release|x86.ActiveCfg = Release|Win32
		{897D1A8B-2AC0-411C-8CEE-E98A7A5AC541}.Release|x86.Build.0 = Release|Win32
		{5D6F9D9A-8F6E-4684-93FA-DCFDEFC46B64}.Debug|x64.ActiveCfg = Debug|x64
		{5D6F9D9A-8F6E-4684-93FA-DCFDEFC46B64}.Debug|x64.Build.0 = Debug|x64
		{5D6F9D9A-8F6E-4684-93FA-DCFDEFC46B64}.Debug|x86.ActiveCfg = Debug|Win32
		{5D6F9D9A-8F6E-4684-93FA-DCFDEFC46B64}.Debug|x86.Build.0 = Debug|Win32
		{5D6F9D9A-8F6E-4684-93FA-DCFDEFC46B64}.Release|x64.ActiveCfg = Release|x64
		{5D6F9D9A-8F6E-4684-93FA-DCFDEFC46B64}.Release|x64.Build.0 = Release|x64
		{5D6F9D9A-8F6E-4684-93FA-DCFDEFC46B64}.Release|x86.ActiveCfg = Release|Win32
		{5D6F9D9A-8F6E-4684-93FA-DCFDEFC46B64}.Release|x86.Build.0 = Release|Win32
		{AC9B4FC0-272A-4A5A-BE27-1961B7082BB9}.Debug|x64.ActiveCfg = Debug|x64
		{AC9B4FC0-272A-4A5A-BE27-1961B7082BB9}.Debug|x64.Build.0 = Debug|x64
		{AC9B4FC0-272A-4A5A-BE27-1961B7082BB9}.Debug|x86.ActiveCfg = Debug|Win32
		{AC9B4FC0-272A-4A5A-BE27-1961B7082BB9}.Debug|x86.Build.0 = Debug|Win32
		{AC9B4FC0-272A-4A5A-BE27-1961B7082BB9}.Release|x64.ActiveCfg = Release|x64
		{AC9B4FC0-272A-4A5A-BE27-1961B7082BB9}.Release|x64.Build.0 = Release|x64
		{AC9B4FC0-272A-4A5A-BE27-1961B7082BB9}.Release|x86.ActiveCfg = Release|Win32
		{AC9B4FC0-272A-4A5A-BE27-1961B7082BB9}.Release|x86.Build.0 = Release|Win32
		{8A20C84A-9800-40EC-ABE3-2CFBF0FAABBF}.Debug|x64.ActiveCfg = Debug|x64
		{8A20C84A-9800-40EC-ABE3-2CFBF0FAABBF}.Debug|x64.Build.0 = Debug|x64
		{8A20C84A-9800-40EC-ABE3-2CFBF0FAABBF}.Debug|x86.ActiveCfg = Debug|Win32
		{8A20C84A-9800-40EC-ABE3-2CFBF0FAABBF}.Debug|x86.Build.0 = Debug|Win32
		{8A20C84A-9800-40EC-ABE3-2CFBF0FAABBF}.Release|x64.ActiveCfg = Release|x64
		{8A20C84A-9800-40EC-ABE3-2CFBF0FAABBF}.Release|x64.Build.0 = Release|x64
		{8A20C84A-9800-40EC-ABE3-2CFBF0FAABBF}.Release|x86.ActiveCfg = Release|Win32
		{8A20C84A-9800-40EC-ABE3-2CFBF0FAABBF}.Release|x86.Build.0 = Release|Win32
		{53BD72C4-7408-4256-B822-4F62775EBF2E}.Debug|x64.ActiveCfg = Debug|x64
		{53BD72C4-7408-4256-B822-4F62775EBF2E}.Debug|x64.Build.0 = Debug|x64
		{53BD72C4-7408-4256-B822-4F62775EBF2E}.Debug|x86.ActiveCfg = Debug|Win32
		{53BD72C4-7408-4256-B822-4F62775EBF2E}.Debug|x86.Build.0 = Debug|Win32
		{53BD72C4-7408-4256-B822-4F62775EBF2E}.Release|x64.ActiveCfg = Release|x64
		{53BD72C4-7408-4256-B822-4F62775EBF2E}.Release|x64.Build.0 = Release|x64
		{53BD72C4-7408-4256-B822-4F62775EBF2E}.Release|x86.ActiveCfg = Release|Win32
		{53BD72C4-7408-4256-B822-4F62775EBF2E}.Release|x86.Build.0 = Release|Win32
		{5DA9E4FD-DD01-46A9-92DE-27CD3D5DAAAE}.Debug|x64.ActiveCfg = Debug|x64
		{5DA9E4FD-DD01-46A9-92DE-27CD3D5DAAAE}.Debug|x64.Build.0 = Debug|x64
		{5DA9E4FD-DD01-46A9-92DE-27CD3D5DAAAE}.Debug|x86.ActiveCfg = Debug|Win32
		{5DA9E4FD-DD01-46A9-92DE-27CD3D5DAAAE}.Debug|x86.Build.0 = Debug|Win32
		{5DA9E4FD-DD01-46A9-92DE-27CD3D5DAAAE}.Release|x64.ActiveCfg = Release|x64
		{5DA9E4FD-DD01-46A9-92DE-27CD3D5DAAAE}.Release|x64.Build.0 = Release|x64
		{5DA9E4FD-DD01-46A9-92DE-27CD3D5DAAAE}.Release|x86.ActiveCfg = Release|Win32
		{5DA9E4FD-DD01-46A9-92DE-27CD3D5DAAAE}.Release|x86.Build.0 = Release|Win32
		{B2DEB5DA-3D72-4AAA-A040-D30E093AE3C3}.Debug|x64.ActiveCfg = Debug|x64
		{B2DEB5DA-3D72-4AAA-A040-D30E093AE3C3}.Debug|x64.Build.0 = Debug|x64
		{B2DEB5DA-3D72-4AAA-A040-D30E093AE3C3}.Debug|x86.ActiveCfg = Debug|Win32
		{B2DEB5DA-3D72-4AAA-A040-D30E093AE3C3}.Debug|x86.Build.0 = Debug|Win32
		{B2DEB5DA-3D72-4AAA-A040-D30E093AE3C3}.Release|x64.ActiveCfg = Release|x64
		{B2DEB5DA-3D72-4AAA-A040-D30E093AE3C3}.Release|x64.Build.0 = Release|x64
		{B2DEB5DA-3D72-4AAA-A040-D30E093AE3C3}.Release|x86.ActiveCfg = Release|Win32
		{B2DEB5DA-3D72-4AAA-A040-D30E093AE3C3}.Release|x86.Build.0 = Release|Win32
		{3AD2B9B3-70EF-4AE2-863F-F6D852F7D73F}.Debug|x64.ActiveCfg = Debug|x64
		{3AD2B9B3-70EF-4AE2-863F-F6D852F7D73F}.Debug|x64.Build.0 = Debug|x64
		{3AD2B9B3-70EF-4AE2-863F-F6D852F7D73F}.Debug|x86.ActiveCfg = Debug|Win32
		{3AD2B9B3-70EF-4AE2-863F-F6D852F7D73F}.Debug|x86.Build.0 = Debug|Win32
		{3AD2B9B3-70EF-4AE2-863F-F6D852F7D73F}.Release|x64.ActiveCfg = Release|x64
		{3AD2B9B3-70EF-4AE2-863F-F6D852F7D73F}.Release|x64.Build.0 = Release|x64
		{3AD2B9B3-70EF-4AE2-863F-F6D852F7D73F}.Release|x86.ActiveCfg = Release|Win32
		{3AD2B9B3-70EF-4AE2-863F-F6D852F7D73F}.Release|x86.Build.0 = Release|Win32
		{79C2AE04-D565-4E4B-BEC8-BD5D5AB141BB}.Debug|x64.ActiveCfg = Debug|x64
		{79C2AE04-D565-4E4B-BEC8-BD5D5AB141BB}.Debug|x64.Build.0 = Debug|x64
		{79C2AE04-D565-4E4B-BEC8-BD5D5AB141BB}.Debug|x86.ActiveCfg = Debug|Win32
		{79C2AE04-D565-4E4B-BEC8-BD5D5AB141BB}.Debug|x86.Build.0 = Debug|Win32
		{79C2AE04-D565-4E4B-BEC8-BD5D5AB141BB}.Release|x64.ActiveCfg = Release|x64
		{79C2AE04-D565-4E4B-BEC8-BD5D5AB141BB}.Release|x64.Build.0 = Release|x64
		{79C2AE04-D565-4E4B-BEC8-BD5D5AB141BB}.Release|x86.ActiveCfg = Release|Win32
		{79C2AE04-D565-4E4B-BEC8-BD5D5AB141BB}.Release|x86.Build.0 = Release|Win32
		{5CF0AF2A-BF84-4296-BB98-7226FEA1C5AC}.Debug|x64.ActiveCfg = Debug|x64
		{5CF0AF2A-BF84-4296-BB98-7226FEA1C5AC}.Debug|x64.Build.0 = Debug|x64
		{5CF0AF2A-BF84-4296-BB98-7226FEA1C5AC}.Debug|x86.ActiveCfg = Debug|Win32
		{5CF0AF2A-BF84-4296-BB98-7226FEA1C5AC}.Debug|x86.Build.0 = Debug|Win32
		{5CF0AF2A-BF84-4296-BB98-7226FEA1C5AC}.Release|x64.ActiveCfg = Release|x64
		{5CF0AF2A-BF84-4296-BB98-7226FEA1C5AC}.Release|x64.Build.0 = Release|x64
		{5CF0AF2A-BF84-4296-BB98-7226FEA1C5AC}.Release|x86.ActiveCfg = Release|Win32
		{5CF0AF2A-BF84-4296-BB98-7226FEA1C5AC}.Release|x86.Build.0 = Release|Win32
		{BE341991-2573-426B-AAA4-71F8D9C3FC5D}.Debug|x64.ActiveCfg = Debug|x64
		{BE341991-2573-426B-AAA4-71F8D9C3FC5D}.Debug|x64.Build.0 = Debug|x64
		{BE341991-2573-426B-AAA4-71F8D9C3FC5D}.Debug|x86.ActiveCfg = Debug|Win32
		{BE341991-2573-426B-AAA4-71F8D9C3FC5D}.Debug|x86.Build.0 = Debug|Win32
		{BE341991-2573-426B-AAA4-71F8D9C3FC5D}.Release|x64.ActiveCfg = Release|x64
		{BE341991-2573-426B-AAA4-71F8D9C3FC5D}.Release|x64.Build.0 = Release|x64
		{BE341991-2573-426B-AAA4-71F8D9C3FC5D}.Release|x86.ActiveCfg = Release|Win32
		{BE341991-2573-426B-AAA4-71F8D9C3FC5D}.Release|x86.Build.0 = Release|Win32
		{EEEA301B-7503-4C0B-B435-644F8A7BE850}.Debug|x64.ActiveCfg = Debug|x64
		{EEEA301B-7503-4C0B-B435-644F8A7BE850}.Debug|x64.Build.0 = Debug|x64
		{EEEA301B-7503-4C0B-B435-644F8A7BE850}.Debug|x86.ActiveCfg = Debug|Win32
		{EEEA301B-7503-4C0B-B435-644F8A7BE850}.Debug|x86.Build.0 = Debug|Win32
		{EEEA301B-7503-4C0B-B435-644F8A7BE850}.Release|x64.ActiveCfg = Release|x64
		{EEEA301B-7503-4C0B-B435-644F8A7BE850}.Release|x64.Build.0 = Release|x64
		{EEEA301B-7503-4C0B-B435-644F8A7BE850}.Release|x86.ActiveCfg = Release|Win32
		{EEEA301B-7503-4C0B-B435-644F8A7BE850}.Release|x86.Build.0 = Release|Win32
		{CFB834AE-C638-48AC-BAF3-F7D797885E12}.Debug|x64.ActiveCfg = Debug|x64
		{CFB834AE-C638-48AC-BAF3-F7D797885E12}.Debug|x64.Build.0 = Debug|x64
		{CFB834AE-C638-48AC-BAF3-F7D797885E12}.Debug|x86.ActiveCfg = Debug|Win32
		{CFB834AE-C638-48AC-BAF3-F7D797885E12}.Debug|x86.Build.0 = Debug|Win32
		{CFB834AE-C638-48AC-BAF3-F7D797885E12}.Release|x64.ActiveCfg = Release|x64
		{CFB834AE-C638-48AC-BAF3-F7D797885E12}.Release|x64.Build.0 = Release|x64
		{CFB834AE-C638-48AC-BAF3-F7D797885E12}.Release|x86.ActiveCfg = Release|Win32
		{CFB834AE-C638-48AC-BAF3-F7D797885E12}.Release|x86.Build.0 = Release|Win32
		{7E11BD10-F626-4A1C-8980-AC475B9A4449}.Debug|x64.ActiveCfg = Debug|x64
		{7E11BD10-F626-4A1C-8980-AC475B9A4449}.Debug|x64.Build.0 = Debug|x64
		{7E11BD10-F626-4A1C-8980-AC475B9A4449}.Debug|x86.ActiveCfg = Debug|Win32
		{7E11BD10-F626-4A1C-8980-AC475B9A4449}.Debug|x86.Build.0 = Debug|Win32
		{7E11BD10-F626-4A1C-8980-AC475B9A4449}.Release|x64.ActiveCfg = Release|x64
		{7E11BD10-F626-4A1C-8980-AC475B9A4449}.Release|x64.Build.0 = Release|x64
		{7E11BD10-F626-4A1C-8980-AC475B9A4449}.Release|x86.ActiveCfg = Release|Win32
		{7E11BD10-F626-4A1C-8980-AC475B9A4449}.Release|x86.Build.0 = Release|Win32
		{AE9E140C-08BA-485D-A065-EB4F1B7E2006}.Debug|x64.ActiveCfg = Debug|x64
		{AE9E140C-08BA-485D-A065-EB4F1B7E2006}.Debug|x64.Build.0 = Debug|x64
		{AE9E140C-08BA-485D-A065-EB4F1B7E2006}.Debug|x86.ActiveCfg = Debug|Win32
		{AE9E140C-08BA-485D-A065-EB4F1B7E2006}.Debug|x86.Build.0 = Debug|Win32
		{AE9E140C-08BA-485D-A065-EB4F1B7E2006}.Release|x64.ActiveCfg = Release|x64
		{AE9E140C-08BA-485D-A065-EB4F1B7E2006}.Release|x64.Build.0 = Release|x64
		{AE9E140C-08BA-485D-A065-EB4F1B7E2006}.Release|x86.ActiveCfg = Release|Win32
		{AE9E140C-08BA-485D-A065-EB4F1B7E2006}.Release|x86.Build.0 = Release|Win32
		{CA7F74F5-A7B7-4FD2-9C0F-99B48DD466E7}.Debug|x64.ActiveCfg = Debug|x64
		{CA7F74F5-A7B7-4FD2-9C0F-99B48DD466E7}.Debug|x64.Build.0 = Debug|x64
		{CA7F74F5-A7B7-4FD2-9C0F-99B48DD466E7}.Debug|x86.ActiveCfg = Debug|Win32
		{CA7F74F5-A7B7-4FD2-9C0F-99B48DD466E7}.Debug|x86.Build.0 = Debug|Win32
		{CA7F74F5-A7B7-4FD2-9C0F-99B48DD466E7}.Release|x64.ActiveCfg = Release|x64
		{CA7F74F5-A7B7-4FD2-9C0F-99B48DD466E7}.Release|x64.Build.0 = Release|x64
		{CA7F74F5-A7B7-4FD2-9C0F-99B48DD466E7}.Release|x86.ActiveCfg = Release|Win32
		{CA7F74F5-A7B7-4FD2-9C0F-99B48DD466E7}.Release|x86.Build.0 = Release|Win32
		{60DB0E6C-26A3-4625-837F-AB0DF48E35CB}.Debug|x64.ActiveCfg = Debug|x64
		{60DB0E6C-26A3-4625-837F-AB0DF48E35CB}.Debug|x64.Build.0 = Debug|x64
		{60DB0E6C-26A3-4625-837F-AB0DF48E35CB}.Debug|x86.ActiveCfg = Debug|Win32
		{60DB0E6C-26A3-4625-837F-AB0DF48E35CB}.Debug|x86.Build.0 = Debug|Win32
		{60DB0E6C-26A3-4625-837F-AB0DF48E35CB}.Release|x64.ActiveCfg = Release|x64
		{60DB0E6C-26A3-4625-837F-AB0DF48E35CB}.Release|x64.Build.0 = Release|x64
		{60DB0E6C-26A3-4625-837F-AB0DF48E35CB}.Release|x86.ActiveCfg = Release|Win32
		{60DB0E6C-26A3-4625-837F-AB0DF48E35CB}.Release|x86.Build.0 = Release|Win32
		{18D5EB80-5F07-476F-9991-B58349BBCC4E}.Debug|x64.ActiveCfg = Debug|x64
		{18D5EB80-5F07-476F-9991-B58349BBCC4E}.Debug|x64.Build.0 = Debug|x64
		{18D5EB80-5F07-476F-9991-B58349BBCC4E}.Debug|x86.ActiveCfg = Debug|Win32
		{18D5EB80-5F07-476F-9991-B58349BBCC4E}.Debug|x86.Build.0 = Debug|Win32
		{18D5EB80-5F07-476F-9991-B58349BBCC4E}.Release|x64.ActiveCfg = Release|x64
		{18D5EB80-5F07-476F-9991-B58349BBCC4E}.Release|x64.Build.0 = Release|x64
		{18D5EB80-5F07-476F-9991-B58349BBCC4E}.Release|x86.ActiveCfg = Release|Win32
		{18D5EB80-5F07-476F-9991-B58349BBCC4E}.Release|x86.Build.0 = Release|Win32
		{6CECD3CC-92CE-4673-A8CC-41DD5FA3FD3B}.Debug|x64.ActiveCfg = Debug|x64
		{6CECD3CC-92CE-4673-A8CC-41DD5FA3FD3B}.Debug|x64.Build.0 = Debug|x64
		{6CECD3CC-92CE-4673-A8CC-41DD5FA3FD3B}.Debug|x86.ActiveCfg = Debug|Win32
		{6CECD3CC-92CE-4673-A8CC-41DD5FA3FD3B}.Debug|x86.Build.0 = Debug|Win32
		{6CECD3CC-92CE-4673-A8CC-41DD5FA3FD3B}.Release|x64.ActiveCfg = Release|x64
		{6CECD3CC-92CE-4673-A8CC-41DD5FA3FD3B}.Release|x64.Build.0 = Release|x64
		{6CECD3CC-92CE-4673-A8CC-41DD5FA3FD3B}.Release|x86.ActiveCfg = Release|Win32
		{6CECD3CC-92CE-4673-A8CC-41DD5FA3FD3B}.Release|x86.Build.0 = Release|Win32
		{74B28916-7107-4F50-AE35-967DFFF55056}.Debug|x64.ActiveCfg = Debug|x64
		{74B28916-7107-4F50-AE35-967DFFF55056}.Debug|x64.Build.0 = Debug|x64
		{74B28916-7107-4F50-AE35-967DFFF55056}.Debug|x86.ActiveCfg = Debug|Win32
		{74B28916-7107-4F50-AE35-967DFFF55056}.Debug|x86.Build.0 = Debug|Win32
		{74B28916-7107-4F50-AE35-967DFFF55056}.Release|x64.ActiveCfg = Release|x64
		{74B28916-7107-4F50-AE35-967DFFF55056}.Release|x64.Build.0 = Release|x64
		{74B28916-7107-4F50-AE35-967DFFF55056}.Release|x86.ActiveCfg = Release|Win32
		{74B28916-7107-4F50-AE35-967DFFF55056}.Release|x86.Build.0 = Release|Win32
		{4A38686F-AC7F-46AF-AFBD-0FBEFDF33A7A}.Debug|x64.ActiveCfg = Debug|x64
		{4A38686F-AC7F-46AF-AFBD-0FBEFDF33A7A}.Debug|x64.Build.0 = Debug|x64
		{4A38686F-AC7F-46AF-AFBD-0FBEFDF33A7A}.Debug|x86.ActiveCfg = Debug|Win32
		{4A38686F-AC7F-46AF-AFBD-0FBEFDF33A7A}.Debug|x86.Build.0 = Debug|Win32
		{4A38686F-AC7F-46AF-AFBD-0FBEFDF33A7A}.Release|x64.ActiveCfg = Release|x64
		{4A38686F-AC7F-46AF-AFBD-0FBEFDF33A7A}.Release|x64.Build.0 = Release|x64
		{4A38686F-AC7F-46AF-AFBD-0FBEFDF33A7A}.Release|x86.ActiveCfg = Release|Win32
		{4A38686F-AC7F-46AF-AFBD-0FBEFDF33A7A}.Release|x86.Build.0 = Release|Win32
		{D5A3DF9B-024E-4CB9-AF71-8B7EFB82FDD5}.Debug|x64.ActiveCfg = Debug|x64
		{D5A3DF9B-024E-4CB9-AF71-8B7EFB82FDD5}.Debug|x64.Build.0 = Debug|x64
		{D5A3DF9B-024E-4CB9-AF71-8B7EFB82FDD5}.Debug|x86.ActiveCfg = Debug|Win32
		{D5A3DF9B-024E-4CB9-AF71-8B7EFB82FDD5}.Debug|x86.Build.0 = Debug|Win32
		{D5A3DF9B-024E-4CB9-AF71-8B7EFB82FDD5}.Release|x64.ActiveCfg = Release|x64
		{D5A3DF9B-024E-4CB9-AF71-8B7EFB82FDD5}.Release|x64.Build.0 = Release|x64
		{D5A3DF9B-024E-4CB9-AF71-8B7EFB82FDD5}.Release|x86.ActiveCfg = Release|Win32
		{D5A3DF9B-024E-4CB9-AF71-8B7EFB82FDD5}.Release|x86.Build.0 = Release|Win32
		{C1C620F4-CDB0-4773-BD2F-D7604667630D}.Debug|x64.ActiveCfg = Debug|x64
		{C1C620F4-CDB0-4773-BD2F-D7604667630D}.Debug|x64.Build.0 = Debug|x64
		{C1C620F4-CDB0-4773-BD2F-D7604667630D}.Debug|x86.ActiveCfg = Debug|Win32
		{C1C620F4-CDB0-4773-BD2F-D7604667630D}.Debug|x86.Build.0 = Debug|Win32
		{C1C620F4-CDB0-4773-BD2F-D7604667630D}.Release|x64.ActiveCfg = Release|x64
		{C1C620F4-CDB0-4773-BD2F-D7604667630D}.Release|x64.Build.0 = Release|x64
		{C1C620F4-CDB0-4773-BD2F-D7604667630D}.Release|x86.ActiveCfg = Release|Win32
		{C1C620F4-CDB0-4773-BD2F-D7604667630D}.Release|x86.Build.0 = Release|Win32
		{E0A974C1-DC71-4143-8F14-A22A83E381A6}.Debug|x64.ActiveCfg = Debug|x64
		{E0A974C1-DC71-4143-8F14-A22A83E381A6}.Debug|x64.Build.0 = Debug|x64
		{E0A974C1-DC71-4143-8F14-A22A83E381A6}.Debug|x86.ActiveCfg = Debug|Win32
		{E0A974C1-DC71-4143-8F14-A22A83E381A6}.Debug|x86.Build.0 = Debug|Win32
		{E0A974C1-DC71-4143-8F14-A22A83E381A6}.Release|x64.ActiveCfg = Release|x64
		{E0A974C1-DC71-4143-8F14-A22A83E381A6}.Release|x64.Build.0 = Release|x64
		{E0A974C1-DC71-4143-8F14-A22A83E381A6}.Release|x86.ActiveCfg = Release|Win32
		{E0A974C1-DC71-4143-8F14-A22A83E381A6}.Release|x86.Build.0 = Release|Win32
		{8C3C551F-FDA1-4EAB-B21A-A358FED21D6C}.Debug|x64.ActiveCfg = Debug|x64
		{8C3C551F-FDA1-4EAB-B21A-A358FED21D6C}.Debug|x64.Build.0 = Debug|x64
		{8C3C551F-FDA1-4EAB-B21A-A358FED21D6C}.Debug|x86.ActiveCfg = Debug|Win32
		{8C3C551F-FDA1-4EAB-B21A-A358FED21D6C}.Debug|x86.Build.0 = Debug|Win32
		{8C3C551F-FDA1-4EAB-B21A-A358FED21D6C}.Release|x64.ActiveCfg = Release|x64
		{8C3C551F-FDA1-4EAB-B21A-A358FED21D6C}.Release|x64.Build.0 = Release|x64
		{8C3C551F-FDA1-4EAB-B21A-A358FED21D6C}.Release|x86.ActiveCfg = Release|Win32
		{8C3C551F-FDA1-4EAB-B21A-A358FED21D6C}.Release|x86.Build.0 = Release|Win32
		{6B1FAEE9-F51A-4778-8AB1-8FD7A5A2AC3E}.Debug|x64.ActiveCfg = Debug|x64
		{6B1FAEE9-F51A-4778-8AB1-8FD7A5A2AC3E}.Debug|x64.Build.0 = Debug|x64
		{6B1FAEE9-F51A-4778-8AB1-8FD7A5A2AC3E}.Debug|x86.ActiveCfg = Debug|Win32
		{6B1FAEE9-F51A-4778-8AB1-8FD7A5A2AC3E}.Debug|x86.Build.0 = Debug|Win32
		{6B1FAEE9-F51A-4778-8AB1-8FD7A5A2AC3E}.Release|x64.ActiveCfg = Release|x64
		{6B1FAEE9-F51A-4778-8AB1-8FD7A5A2AC3E}.Release|x64.Build.0 = Release|x64
		{6B1FAEE9-F51A-4778-8AB1-8FD7A5A2AC3E}.Release|x86.ActiveCfg = Release|Win32
		{6B1FAEE9-F51A-4778-8AB1-8FD7A5A2AC3E}.Release|x86.Build.0 = Release|Win32
		{ADDE6DB7-008E-4D38-83ED-205D502C6C33}.Debug|x64.ActiveCfg = Debug|x64
		{ADDE6DB7-008E-4D38-83ED-205D502C6C33}.Debug|x64.Build.0 = Debug|x64
		{ADDE6DB7-008E-4D38-83ED-205D502C6C33}.Debug|x86.ActiveCfg = Debug|Win32
		{ADDE6DB7-008E-4D38-83ED-205D502C6C33}.Debug|x86.Build.0 = Debug|Win32
		{ADDE6DB7-008E-4D38-83ED-205D502C6C33}.Release|x64.ActiveCfg = Release|x64
		{ADDE6DB7-008E-4D38-83ED-205D502C6C33}.Release|x64.Build.0 = Release|x64
		{ADDE6DB7-008E-4D38-83ED-205D502C6C33}.Release|x86.ActiveCfg = Release|Win32
		{ADDE6DB7-008E-4D38-83ED-205D502C6C33}.Release|x86.Build.0 = Release|Win32
		{62E5246F-74F3-4BCF-9A73-7CA8CCEB9DA6}.Debug|x64.ActiveCfg = Debug|x64
		{62E5246F-74F3-4BCF-9A73-7CA8CCEB9DA6}.Debug|x64.Build.0 = Debug|x64
		{62E5246F-74F3-4BCF-9A73-7CA8CCEB9DA6}.Debug|x86.ActiveCfg = Debug|Win32
		{62E5246F-74F3-4BCF-9A73-7CA8CCEB9DA6}.Debug|x86.Build.0 = Debug|Win32
		{62E5246F-74F3-4BCF-9A73-7CA8CCEB9DA6}.Release|x64.ActiveCfg = Release|x64
		{62E5246F-74F3-4BCF-9A73-7CA8CCEB9DA6}.Release|x64.Build.0 = Release|x64
		{62E5246F-74F3-4BCF-9A73-7CA8CCEB9DA6}.Release|x86.ActiveCfg = Release|Win32
		{62E5246F-74F3-4BCF-9A73-7CA8CCEB9DA6}.Release|x86.Build.0 = Release|Win32
		{D5090A60-38AD-486E-ABF1-2B896BD86BB5}.Debug|x64.ActiveCfg = Debug|x64
		{D5090A60-38AD-486E-ABF1-2B896BD86BB5}.Debug|x64.Build.0 = Debug|x64
		{D5090A60-38AD-486E-ABF1-2B896BD86BB5}.Debug|x86.ActiveCfg = Debug|Win32
		{D5090A60-38AD-486E-ABF1-2B896BD86BB5}.Debug|x86.Build.0 = Debug|Win32
		{D5090A60-38AD-486E-ABF1-2B896BD86BB5}.Release|x64.ActiveCfg = Release|x64
		{D5090A60-38AD-486E-ABF1-2B896BD86BB5}.Release|x64.Build.0 = Release|x64
		{D5090A60-38AD-486E-ABF1-2B896BD86BB5}.Release|x86.ActiveCfg = Release|Win32
		{D5090A60-38AD-486E-ABF1-2B896BD86BB5}.Release|x86.Build.0 = Release|Win32
		{40DDB900-E598-4FED-A1BA-BE2ECA954516}.Debug|x64.ActiveCfg = Debug|x64
		{40DDB900-E598-4FED-A1BA-BE2ECA954516}.Debug|x64.Build.0 = Debug|x64
		{40DDB900-E598-4FED-A1BA-BE2ECA954516}.Debug|x86.ActiveCfg = Debug|Win32
		{40DDB900-E598-4FED-A1BA-BE2ECA954516}.Debug|x86.Build.0 = Debug|Win32
		{40DDB900-E598-4FED-A1BA-BE2ECA954516}.Release|x64.ActiveCfg = Release|x64
		{40DDB900-E598-4FED-A1BA-BE2ECA954516}.Release|x64.Build.0 = Release|x64
		{40DDB900-E598-4FED-A1BA-BE2ECA954516}.Release|x86.ActiveCfg = Release|Win32
		{40DDB900-E598-4FED-A1BA-BE2ECA954516}.Release|x86.Build.0 = Release|Win32
		{85ADD25D-4B43-4835-856D-3CB3497F6E45}.Debug|x64.ActiveCfg = Debug|x64
		{85ADD25D-4B43-4835-856D-3CB3497F6E45}.Debug|x64.Build.0 = Debug|x64
		{85ADD25D-4B43-4835-856D-3CB3497F6E45}.Debug|x86.ActiveCfg = Debug|Win32
		{85ADD25D-4B43-4835-856D-3CB3497F6E45}.Debug|x86.Build.0 = Debug|Win32
		{85ADD25D-4B43-4835-856D-3CB3497F6E45}.Release|x64.ActiveCfg = Release|x64
		{85ADD25D-4B43-4835-856D-3CB3497F6E45}.Release|x64.Build.0 = Release|x64
		{85ADD25D-4B43-4835-856D-3CB3497F6E45}.Release|x86.ActiveCfg = Release|Win32
		{85ADD25D-4B43-4835-856D-3CB3497F6E45}.Release|x86.Build.0 = Release|Win32
		{D9C784B4-67D5-4874-B13E-C8EDD9216A03}.Debug|x64.ActiveCfg = Debug|x64
		{D9C784B4-67D5-4874-B13E-C8EDD9216A03}.Debug|x64.Build.0 = Debug|x64
		{D9C784B4-67D5-4874-B13E-C8EDD9216A03}.Debug|x86.ActiveCfg = Debug|Win32
		{D9C784B4-67D5-4874-B13E-C8EDD9216A03}.Debug|x86.Build.0 = Debug|Win32
		{D9C784B4-67D5-4874-B13E-C8EDD9216A03}.Release|x64.ActiveCfg = Release|x64
		{D9C784B4-67D5-4874-B13E-C8EDD9216A03}.Release|x64.Build.0 = Release|x64
		{D9C784B4-67D5-4874-B13E-C8EDD9216A03}.Release|x86.ActiveCfg = Release|Win32
		{D9C784B4-67D5-4874-B13E-C8EDD9216A03}.Release|x86.Build.0 = Release|Win32
		{62599FF7-1B19-4B1E-AAEE-98F70AE883A4}.Debug|x64.ActiveCfg = Debug|x64
		{62599FF7-1B19-4B1E-AAEE-98F70AE883A4}.Debug|x64.Build.0 = Debug|x64
		{62599FF7-1B19-4B1E-AAEE-98F70AE883A4}.Debug|x86.ActiveCfg = Debug|Win32
		{62599FF7-1B19-4B1E-AAEE-98F70AE883A4}.Debug|x86.Build.0 = Debug|Win32
		{62599FF7-1B19-4B1E-AAEE-98F70AE883A4}.Release|x64.ActiveCfg = Release|x64
		{62599FF7-1B19-4B1E-AAEE-98F70AE883A4}.Release|x64.Build.0 = Release|x64
		{62599FF7-1B19-4B1E-AAEE-98F70AE883A4}.Release|x86.ActiveCfg = Release|Win32
		{62599FF7-1B19-4B1E-AAEE-98F70AE883A4}.Release|x86.Build.0 = Release|Win32
		{7AD1FD93-27A8-4BD9-849B-A45FA73CF8BB}.Debug|x64.ActiveCfg = Debug|x64
		{7AD1FD93-27A8-4BD9-849B-A45FA73CF8BB}.Debug|x64.Build.0 = Debug|x64
		{7AD1FD93-27A8-4BD9-849B-A45FA73CF8BB}.Debug|x86.ActiveCfg = Debug|Win32
		{7AD1FD93-27A8-4BD9-849B-A45FA73CF8BB}.Debug|x86.Build.0 = Debug|Win32
		{7AD1FD93-27A8-4BD9-849B-A45FA73CF8BB}.Release|x64.ActiveCfg = Release|x64
		{7AD1FD93-27A8-4BD9-849B-A45FA73CF8BB}.Release|x64.Build.0 = Release|x64
		{7AD1FD93-27A8-4BD9-849B-A45FA73CF8BB}.Release|x86.ActiveCfg = Release|Win32
		{7AD1FD93-27A8-4BD9-849B-A45FA73CF8BB}.Release|x86.Build.0 = Release|Win32
		{A86E3A53-0BB5-4FAF-B2F6-3AE5844C232C}.Debug|x64.ActiveCfg = Debug|x64
		{A86E3A53-0BB5-4FAF-B2F6-3AE5844C232C}.Debug|x64.Build.0 = Debug|x64
		{A86E3A53-0BB5-4FAF-B2F6-3AE5844C232C}.Debug|x86.ActiveCfg = Debug|Win32
		{A86E3A53-0BB5-4FAF-B2F6-3AE5844C232C}.Debug|x86.Build.0 = Debug|Win32
		{A86E3A53-0BB5-4FAF-B2F6-3AE5844C232C}.Release|x64.ActiveCfg = Release|x64
		{A86E3A53-0BB5-4FAF-B2F6-3AE5844C232C}.Release|x64.Build.0 = Release|x64
		{A86E3A53-0BB5-4FAF-B2F6-3AE5844C232C}.Release|x86.ActiveCfg = Release|Win32
		{A86E3A53-0BB5-4FAF-B2F6-3AE5844C232C}.Release|x86.Build.0 = Release|Win32
		{9C1A847E-B68C-45F7-A49E-29899E8D4158}.Debug|x64.ActiveCfg = Debug|x64
		{9C1A847E-B68C-45F7-A49E-29899E8D4158}.Debug|x64.Build.0 = Debug|x64
		{9C1A847E-B68C-45F7-A49E-29899E8D4158}.Debug|x86.ActiveCfg = Debug|Win32
		{9C1A847E-B68C-45F7-A49E-29899E8D4158}.Debug|x86.Build.0 = Debug|Win32
		{9C1A847E-B68C-45F7-A49E-29899E8D4158}.Release|x64.ActiveCfg = Release|x64
		{9C1A847E-B68C-45F7-A49E-29899E8D4158}.Release|x64.Build.0 = Release|x64
		{9C1A847E-B68C-45F7-A49E-29899E8D4158}.Release|x86.ActiveCfg = Release|Win32
		{9C1A847E-B68C-45F7-A49E-29899E8D4158}.Release|x86.Build.0 = Release|Win32
		{F063905A-72BF-45FB-86AE-D4019CAA0CE9}.Debug|x64.ActiveCfg = Debug|x64
		{F063905A-72BF-45FB-86AE-D4019CAA0CE9}.Debug|x64.Build.0 = Debug|x64
		{F063905A-72BF-45FB-86AE-D4019CAA0CE9}.Debug|x86.ActiveCfg = Debug|Win32
		{F063905A-72BF-45FB-86AE-D4019CAA0CE9}.Debug|x86.Build.0 = Debug|Win32
		{F063905A-72BF-45FB-86AE-D4019CAA0CE9}.Release|x64.ActiveCfg = Release|x64
		{F063905A-72BF-45FB-86AE-D4019CAA0CE9}.Release|x64.Build.0 = Release|x64
		{F063905A-72BF-45FB-86AE-D4019CAA0CE9}.Release|x86.ActiveCfg = Release|Win32
		{F063905A-72BF-45FB-86AE-D4019CAA0CE9}.Release|x86.Build.0 = Release|Win32
		{D1FCD1F0-5064-4309-8E23-B02C6E3D9322}.Debug|x64.ActiveCfg = Debug|x64
		{D1FCD1F0-5064-4309-8E23-B02C6E3D9322}.Debug|x64.Build.0 = Debug|x64
		{D1FCD1F0-5064-4309-8E23-B02C6E3D9322}.Debug|x86.ActiveCfg = Debug|Win32
		{D1FCD1F0-5064-4309-8E23-B02C6E3D9322}.Debug|x86.Build.0 = Debug|Win32
		{D1FCD1F0-5064-4309-8E23-B02C6E3D9322}.Release|x64.ActiveCfg = Release|x64
		{D1FCD1F0-5064-4309-8E23-B02C6E3D9322}.Release|x64.Build.0 = Release|x64
		{D1FCD1F0-5064-4309-8E23-B02C6E3D9322}.Release|x86.ActiveCfg = Release|Win32
		{D1FCD1F0-5064-4309-8E23-B02C6E3D9322}.Release|x86.Build.0 = Release|Win32
		{2099E857-8CE5-4B8F-8FB6-8ED82A8FD13A}.Debug|x64.ActiveCfg = Debug|x64
		{2099E857-8CE5-4B8F-8FB6-8ED82A8FD13A}.Debug|x64.Build.0 = Debug|x64
		{2099E857-8CE5-4B8F-8FB6-8ED82A8FD13A}.Debug|x86.ActiveCfg = Debug|Win32
		{2099E857-8CE5-4B8F-8FB6-8ED82A8FD13A}.Debug|x86.Build.0 = Debug|Win32
		{2099E857-8CE5-4B8F-8FB6-8ED82A8FD13A}.Release|x64.ActiveCfg = Release|x64
		{2099E857-8CE5-4B8F-8FB6-8ED82A8FD13A}.Release|x64.Build.0 = Release|x64
		{2099E857-8CE5-4B8F-8FB6-8ED82A8FD13A}.Release|x86.ActiveCfg = Release|Win32
		{2099E857-8CE5-4B8F-8FB6-8ED82A8FD13A}.Release|x86.Build.0 = Release|Win32
		{8F96D0EE-9BB0-4BF8-B781-871C0D9FFD41}.Debug|x64.ActiveCfg = Debug|x64
		{8F96D0EE-9BB0-4BF8-B781-871C0D9FFD41}.Debug|x64.Build.0 = Debug|x64
		{8F96D0EE-9BB0-4BF8-B781-871C0D9FFD41}.Debug|x86.ActiveCfg = Debug|Win32
		{8F96D0EE-9BB0-4BF8-B781-871C0D9FFD41}.Debug|x86.Build.0 = Debug|Win32
		{8F96D0EE-9BB0-4BF8-B781-871C0D9FFD41}.Release|x64.ActiveCfg = Release|x64
		{8F96D0EE-9BB0-4BF8-B781-871C0D9FFD41}.Release|x64.Build.0 = Release|x64
		{8F96D0EE-9BB0-4BF8-B781-871C0D9FFD41}.Release|x86.ActiveCfg = Release|Win32
		{8F96D0EE-9BB0-4BF8-B781-871C0D9FFD41}.Release|x86.Build.0 = Release|Win32
		{57181DF5-05F4-4270-9C56-4BFF5CD0A44F}.Debug|x64.ActiveCfg = Debug|x64
		{57181DF5-05F4-4270-9C56-4BFF5CD0A44F}.Debug|x64.Build.0 = Debug|x64
		{57181DF5-05F4-4270-9C56-4BFF5CD0A44F}.Debug|x86.ActiveCfg = Debug|Win32
		{57181DF5-05F4-4270-9C56-4BFF5CD0A44F}.Debug|x86.Build.0 = Debug|Win32
		{57181DF5-05F4-4270-9C56-4BFF5CD0A44F}.Release|x64.ActiveCfg = Release|x64
		{57181DF5-05F4-4270-9C56-4BFF5CD0A44F}.Release|x64.Build.0 = Release|x64
		{57181DF5-05F4-4270-9C56-4BFF5CD0A44F}.Release|x86.ActiveCfg = Release|Win32
		{57181DF5-05F4-4270-9C56-4BFF5CD0A44F}.Release|x86.Build.0 = Release|Win32
		{208C3C25-71E4-49A5-B251-99EBE91C747D}.Debug|x64.ActiveCfg = Debug|x64
		{208C3C25-71E4-49A5-B251-99EBE91C747D}.Debug|x64.Build.0 = Debug|x64
		{208C3C25-71E4-49A5-B251-99EBE91C747D}.Debug|x86.ActiveCfg = Debug|Win32
		{208C3C25-71E4-49A5-B251-99EBE91C747D}.Debug|x86.Build.0 = Debug|Win32
		{208C3C25-71E4-49A5-B251-99EBE91C747D}.Release|x64.ActiveCfg = Release|x64
		{208C3C25-71E4-49A5-B251-99EBE91C747D}.Release|x64.Build.0 = Release|x64
		{208C3C25-71E4-49A5-B251-99EBE91C747D}.Release|x86.ActiveCfg = Release|Win32
		{208C3C25-71E4-49A5-B251-99EBE91C747D}.Release|x86.Build.0 = Release|Win32
		{1845DA11-A847-4B46-B545-E2EC61506B5B}.Debug|x64.ActiveCfg = Debug|x64
		{1845DA11-A847-4B46-B545-E2EC61506B5B}.Debug|x64.Build.0 = Debug|x64
		{1845DA11-A847-4B46-B545-E2EC61506B5B}.Debug|x86.ActiveCfg = Debug|Win32
		{1845DA11-A847-4B46-B545-E2EC61506B5B}.Debug|x86.Build.0 = Debug|Win32
		{1845DA11-A847-4B46-B545-E2EC61506B5B}.Release|x64.ActiveCfg = Release|x64
		{1845DA11-A847-4B46-B545-E2EC61506B5B}.Release|x64.Build.0 = Release|x64
		{1845DA11-A847-4B46-B545-E2EC61506B5B}.Release|x86.ActiveCfg = Release|Win32
		{1845DA11-A847-4B46-B545-E2EC61506B5B}.Release|x86.Build.0 = Release|Win32
		{6A2CF644-587B-40CA-8BD6-41C4CB5AD7FB}.Debug|x64.ActiveCfg = Debug|x64
		{6A2CF644-587B-40CA-8BD6-41C4CB5AD7FB}.Debug|x64.Build.0 = Debug|x64
		{6A2CF644-587B-40CA-8BD6-41C4CB5AD7FB}.Debug|x86.ActiveCfg = Debug|Win32
		{6A2CF644-587B-40CA-8BD6-41C4CB5AD7FB}.Debug|x86.Build.0 = Debug|Win32
		{6A2CF644-587B-40CA-8BD6-41C4CB5AD7FB}.Release|x64.ActiveCfg = Release|x64
		{6A2CF644-587B-40CA-8BD6-41C4CB5AD7FB}.Release|x64.Build.0 = Release|x64
		{6A2CF644-587B-40CA-8BD6-41C4CB5AD7FB}.Release|x86.ActiveCfg = Release|Win32
		{6A2CF644-587B-40CA-8BD6-41C4CB5AD7FB}.Release|x86.Build.0 = Release|Win32
		{28E58596-7992-4576-BBD9-56016FABDBEA}.Debug|x64.ActiveCfg = Debug|x64
		{28E58596-7992-4576-BBD9-56016FABDBEA}.Debug|x64.Build.0 = Debug|x64
		{28E58596-7992-4576-BBD9-56016FABDBEA}.Debug|x86.ActiveCfg = Debug|Win32
		{28E58596-7992-4576-BBD9-56016FABDBEA}.Debug|x86.Build.0 = Debug|Win32
		{28E58596-7992-4576-BBD9-56016FABDBEA}.Release|x64.ActiveCfg = Release|x64
		{28E58596-7992-4576-BBD9-56016FABDBEA}.Release|x64.Build.0 = Release|x64
		{28E58596-7992-4576-BBD9-56016FABDBEA}.Release|x86.ActiveCfg = Release|Win32
		{28E58596-7992-4576-BBD9-56016FABDBEA}.Release|x86.Build.0 = Release|Win32
		{C333FF74-2721-4240-B872-51D982E08764}.Debug|x64.ActiveCfg = Debug|x64
		{C333FF74-2721-4240-B872-51D982E08764}.Debug|x64.Build.0 = Debug|x64
		{C333FF74-2721-4240-B872-51D982E08764}.Debug|x86.ActiveCfg = Debug|Win32
		{C333FF74-2721-4240-B872-51D982E08764}.Debug|x86.Build.0 = Debug|Win32
		{C333FF74-2721-4240-B872-51D982E08764}.Release|x64.ActiveCfg = Release|x64
		{C333FF74-2721-4240-B872-51D982E08764}.Release|x64.Build.0 = Release|x64
		{C333FF74-2721-4240-B872-51D982E08764}.Release|x86.ActiveCfg = Release|Win32
		{C333FF74-2721-4240-B872-51D982E08764}.Release|x86.Build.0 = Release|Win32
		{70C469C8-7C1A-4013-A00A-F590A489A30F}.Debug|x64.ActiveCfg = Debug|x64
		{70C469C8-7C1A-4013-A00A-F590A489A30F}.Debug|x64.Build.0 = Debug|x64
		{70C469C8-7C1A-4013-A00A-F590A489A30F}.Debug|x86.ActiveCfg = Debug|Win32
		{70C469C8-7C1A-4013-A00A-F590A489A30F}.Debug|x86.Build.0 = Debug|Win32
		{70C469C8-7C1A-4013-A00A-F590A489A30F}.Release|x64.ActiveCfg = Release|x64
		{70C469C8-7C1A-4013-A00A-F590A489A30F}.Release|x64.Build.0 = Release|x64
		{70C469C8-7C1A-4013-A00A-F590A489A30F}.Release|x86.ActiveCfg = Release|Win32
		{70C469C8-7C1A-4013-A00A-F590A489A30F}.Release|x86.Build.0 = Release|Win32
		{544EEC26-1F95-42F6-AC61-AE216454A1AC}.Debug|x64.ActiveCfg = Debug|x64
		{544EEC26-1F95-42F6-AC61-AE216454A1AC}.Debug|x64.Build.0 = Debug|x64
		{544EEC26-1F95-42F6-AC61-AE216454A1AC}.Debug|x86.ActiveCfg = Debug|Win32
		{544EEC26-1F95-42F6-AC61-AE216454A1AC}.Debug|x86.Build.0 = Debug|Win32
		{544EEC26-1F95-42F6-AC61-AE216454A1AC}.Release|x64.ActiveCfg = Release|x64
		{544EEC26-1F95-42F6-AC61-AE216454A1AC}.Release|x64.Build.0 = Release|x64
		{544EEC26-1F95-42F6-AC61-AE216454A1AC}.Release|x86.ActiveCfg = Release|Win32
		{544EEC26-1F95-42F6-AC61-AE216454A1AC}.Release|x86.Build.0 = Release|Win32
		{02723945-3A1E-4E1F-B119-BC90E3E85B88}.Debug|x64.ActiveCfg = Debug|x64
		{02723945-3A1E-4E1F-B119-BC90E3E85B88}.Debug|x64.Build.0 = Debug|x64
		{02723945-3A1E-4E1F-B119-BC90E3E85B88}.Debug|x86.ActiveCfg = Debug|Win32
		{02723945-3A1E-4E1F-B119-BC90E3E85B88}.Debug|x86.Build.0 = Debug|Win32
		{02723945-3A1E-4E1F-B119-BC90E3E85B88}.Release|x64.ActiveCfg = Release|x64
		{02723945-3A1E-4E1F-B119-BC90E3E85B88}.Release|x64.Build.0 = Release|x64
		{02723945-3A1E-4E1F-B119-BC90E3E85B88}.Release|x86.ActiveCfg = Release|Win32
		{02723945-3A1E-4E1F-B119-BC90E3E85B88}.Release|x86.Build.0 = Release|Win32
		{1F0E8103-F978-4B54-B09B-F648FA2A113C}.Debug|x64.ActiveCfg = Debug|x64
		{1F0E8103-F978-4B54-B09B-F648FA2A113C}.Debug|x64.Build.0 = Debug|x64
		{1F0E8103-F978-4B54-B09B-F648FA2A113C}.Debug|x86.ActiveCfg = Debug|Win32
		{1F0E8103-F978-4B54-B09B-F648FA2A113C}.Debug|x86.Build.0 = Debug|Win32
		{1F0E8103-F978-4B54-B09B-F648FA2A113C}.Release|x64.ActiveCfg = Release|x64
		{1F0E8103-F978-4B54-B09B-F648FA2A113C}.Release|x64.Build.0 = Release|x64
		{1F0E8103-F978-4B54-B09B-F648FA2A113C}.Release|x86.ActiveCfg = Release|Win32
		{1F0E8103-F978-4B54-B09B-F648FA2A113C}.Release|x86.Build.0 = Release|Win32
		{CF01D980-37D9-488F-ACF1-8C3B33E84945}.Debug|x64.ActiveCfg = Debug|x64
		{CF01D980-37D9-488F-ACF1-8C3B33E84945}.Debug|x64.Build.0 = Debug|x64
		{CF01D980-37D9-488F-ACF1-8C3B33E84945}.Debug|x86.ActiveCfg = Debug|Win32
		{CF01D980-37D9-488F-ACF1-8C3B33E84945}.Debug|x86.Build.0 = Debug|Win32
		{CF01D980-37D9-488F-ACF1-8C3B33E84945}.Release|x64.ActiveCfg = Release|x64
		{CF01D980-37D9-488F-ACF1-8C3B33E84945}.Release|x64.Build.0 = Release|x64
		{CF01D980-37D9-488F-ACF1-8C3B33E84945}.Release|x86.ActiveCfg = Release|Win32
		{CF01D980-37D9-488F-ACF1-8C3B33E84945}.Release|x86.Build.0 = Release|Win32
		{F0328ED5-91F6-4993-9396-F4C0A4027453}.Debug|x64.ActiveCfg = Debug|x64
		{F0328ED5-91F6-4993-9396-F4C0A4027453}.Debug|x64.Build.0 = Debug|x64
		{F0328ED5-91F6-4993-9396-F4C0A4027453}.Debug|x86.ActiveCfg = Debug|Win32
		{F0328ED5-91F6-4993-9396-F4C0A4027453}.Debug|x86.Build.0 = Debug|Win32
		{F0328ED5-91F6-4993-9396-F4C0A4027453}.Release|x64.ActiveCfg = Release|x64
		{F0328ED5-91F6-4993-9396-F4C0A4027453}.Release|x64.Build.0 = Release|x64
		{F0328ED5-91F6-4993-9396-F4C0A4027453}.Release|x86.ActiveCfg = Release|Win32
		{F0328ED5-91F6-4993-9396-F4C0A4027453}.Release|x86.Build.0 = Release|Win32
		{4D4A0CD2-5212-46F2-9FED-195520F1F7FC}.Debug|x64.ActiveCfg = Debug|x64
		{4D4A0CD2-5212-46F2-9FED-195520F1F7FC}.Debug|x64.Build.0 = Debug|x64
		{4D4A0CD2-5212-46F2-9FED-195520F1F7FC}.Debug|x86.ActiveCfg = Debug|Win32
		{4D4A0CD2-5212-46F2-9FED-195520F1F7FC}.Debug|x86.Build.0 = Debug|Win32
		{4D4A0CD2-5212-46F2-9FED-195520F1F7FC}.Release|x64.ActiveCfg = Release|x64
		{4D4A0CD2-5212-46F2-9FED-195520F1F7FC}.Release|x64.Build.0 = Release|x64
		{4D4A0CD2-5212-46F2-9FED-195520F1F7FC}.Release|x86.ActiveCfg = Release|Win32
		{4D4A0CD2-5212-46F2-9FED-195520F1F7FC}.Release|x86.Build.0 = Release|Win32
	EndGlobalSection
	GlobalSection(SolutionProperties) = preSolution
		HideSolutionNode = FALSE
	EndGlobalSection
	GlobalSection(ExtensibilityGlobals) = postSolution
		SolutionGuid = {5AA457F6-4E40-42FE-B6F1-32597C3764B7}
	EndGlobalSection
EndGlobal
